PODS:
  - SKYLINK (1.0.5.1):
    - SocketRocket (~> 0.3.1-beta2)
    - tema-ios-ntp (~> 1.0.0)
  - SocketRocket (0.3.1-beta2)
  - tema-ios-ntp (1.0.0)

DEPENDENCIES:
  - SKYLINK (~> 1.0.5)

SPEC CHECKSUMS:
  SKYLINK: 152219f0284ac7eadb93c15b491ebead6b1e5053
  SocketRocket: 7284ab9370a06c99aba92b2fe3a32aedd0f9a6fa
  tema-ios-ntp: a6f001396b5944bff739f409dc422966e5b08408

COCOAPODS: 0.37.2
