// !$*UTF8*$!
{
	archiveVersion = 1;
	classes = {
	};
	objectVersion = 46;
	objects = {

/* Begin PBXBuildFile section */
		650C9CBD1C6CA67B0088BF15 /* GLKit.framework in Frameworks */ = {isa = PBXBuildFile; fileRef = 650C9CBC1C6CA67B0088BF15 /* GLKit.framework */; };
		650C9CBF1C6CA6880088BF15 /* VideoToolbox.framework in Frameworks */ = {isa = PBXBuildFile; fileRef = 650C9CBE1C6CA6880088BF15 /* VideoToolbox.framework */; };
		651675911D07E2900049778C /* DataTransferViewController.m in Sources */ = {isa = PBXBuildFile; fileRef = 651675901D07E2900049778C /* DataTransferViewController.m */; };
		653BE0B51D116257008DF816 /* DataTransferSamples in Resources */ = {isa = PBXBuildFile; fileRef = 653BE0B41D116257008DF816 /* DataTransferSamples */; };
		654DF8A01C5F3EE400299EF3 /* main.m in Sources */ = {isa = PBXBuildFile; fileRef = 654DF89F1C5F3EE400299EF3 /* main.m */; };
		654DF8A31C5F3EE400299EF3 /* AppDelegate.m in Sources */ = {isa = PBXBuildFile; fileRef = 654DF8A21C5F3EE400299EF3 /* AppDelegate.m */; };
		654DF8A91C5F3EE400299EF3 /* Main.storyboard in Resources */ = {isa = PBXBuildFile; fileRef = 654DF8A71C5F3EE400299EF3 /* Main.storyboard */; };
		654DF8AB1C5F3EE400299EF3 /* Assets.xcassets in Resources */ = {isa = PBXBuildFile; fileRef = 654DF8AA1C5F3EE400299EF3 /* Assets.xcassets */; };
		654DF8AE1C5F3EE400299EF3 /* LaunchScreen.storyboard in Resources */ = {isa = PBXBuildFile; fileRef = 654DF8AC1C5F3EE400299EF3 /* LaunchScreen.storyboard */; };
		654DF8C11C5F4BC400299EF3 /* AudioCallViewController.m in Sources */ = {isa = PBXBuildFile; fileRef = 654DF8B81C5F4BC400299EF3 /* AudioCallViewController.m */; };
		654DF8C21C5F4BC400299EF3 /* FileTransferViewController.m in Sources */ = {isa = PBXBuildFile; fileRef = 654DF8BA1C5F4BC400299EF3 /* FileTransferViewController.m */; };
		654DF8C31C5F4BC400299EF3 /* MessagesViewController.m in Sources */ = {isa = PBXBuildFile; fileRef = 654DF8BC1C5F4BC400299EF3 /* MessagesViewController.m */; };
		654DF8C41C5F4BC400299EF3 /* MultiVideoCallViewController.m in Sources */ = {isa = PBXBuildFile; fileRef = 654DF8BE1C5F4BC400299EF3 /* MultiVideoCallViewController.m */; };
		654DF8C51C5F4BC400299EF3 /* VideoCallViewController.m in Sources */ = {isa = PBXBuildFile; fileRef = 654DF8C01C5F4BC400299EF3 /* VideoCallViewController.m */; };
		654DF8CB1C5F516A00299EF3 /* HomeViewController.m in Sources */ = {isa = PBXBuildFile; fileRef = 654DF8CA1C5F516A00299EF3 /* HomeViewController.m */; };
		654DF8CF1C5F542E00299EF3 /* UIAspectFitButton.m in Sources */ = {isa = PBXBuildFile; fileRef = 654DF8CE1C5F542E00299EF3 /* UIAspectFitButton.m */; };
		654DF9111C6216DB00299EF3 /* TransferFileSamples in Resources */ = {isa = PBXBuildFile; fileRef = 654DF90F1C6216DB00299EF3 /* TransferFileSamples */; };
		654DF92B1C62176A00299EF3 /* Cancel.png in Resources */ = {isa = PBXBuildFile; fileRef = 654DF9141C62176A00299EF3 /* Cancel.png */; };
		654DF92C1C62176A00299EF3 /* Cancel@2x.png in Resources */ = {isa = PBXBuildFile; fileRef = 654DF9151C62176A00299EF3 /* Cancel@2x.png */; };
		654DF92D1C62176A00299EF3 /* HideKeyboard.png in Resources */ = {isa = PBXBuildFile; fileRef = 654DF9161C62176A00299EF3 /* HideKeyboard.png */; };
		654DF92E1C62176A00299EF3 /* HideKeyboard@2x.png in Resources */ = {isa = PBXBuildFile; fileRef = 654DF9171C62176A00299EF3 /* HideKeyboard@2x.png */; };
		654DF92F1C62176A00299EF3 /* LockFilled.png in Resources */ = {isa = PBXBuildFile; fileRef = 654DF9181C62176A00299EF3 /* LockFilled.png */; };
		654DF9301C62176A00299EF3 /* LockFilled@2x.png in Resources */ = {isa = PBXBuildFile; fileRef = 654DF9191C62176A00299EF3 /* LockFilled@2x.png */; };
		654DF9311C62176B00299EF3 /* Microphone.png in Resources */ = {isa = PBXBuildFile; fileRef = 654DF91A1C62176A00299EF3 /* Microphone.png */; };
		654DF9321C62176B00299EF3 /* Microphone@2x.png in Resources */ = {isa = PBXBuildFile; fileRef = 654DF91B1C62176A00299EF3 /* Microphone@2x.png */; };
		654DF9331C62176B00299EF3 /* NoMicrophoneFilled.png in Resources */ = {isa = PBXBuildFile; fileRef = 654DF91C1C62176A00299EF3 /* NoMicrophoneFilled.png */; };
		654DF9341C62176B00299EF3 /* NoMicrophoneFilled@2x.png in Resources */ = {isa = PBXBuildFile; fileRef = 654DF91D1C62176A00299EF3 /* NoMicrophoneFilled@2x.png */; };
		654DF9351C62176B00299EF3 /* NoVideoFilled.png in Resources */ = {isa = PBXBuildFile; fileRef = 654DF91E1C62176A00299EF3 /* NoVideoFilled.png */; };
		654DF9361C62176B00299EF3 /* NoVideoFilled@2x.png in Resources */ = {isa = PBXBuildFile; fileRef = 654DF91F1C62176A00299EF3 /* NoVideoFilled@2x.png */; };
		654DF9371C62176B00299EF3 /* Refresh.png in Resources */ = {isa = PBXBuildFile; fileRef = 654DF9201C62176A00299EF3 /* Refresh.png */; };
		654DF9381C62176B00299EF3 /* Refresh@2x.png in Resources */ = {isa = PBXBuildFile; fileRef = 654DF9211C62176A00299EF3 /* Refresh@2x.png */; };
		654DF9391C62176B00299EF3 /* SwitchCamera.png in Resources */ = {isa = PBXBuildFile; fileRef = 654DF9221C62176A00299EF3 /* SwitchCamera.png */; };
		654DF93A1C62176B00299EF3 /* SwitchCamera@2x.png in Resources */ = {isa = PBXBuildFile; fileRef = 654DF9231C62176A00299EF3 /* SwitchCamera@2x.png */; };
		654DF93B1C62176B00299EF3 /* Unlock.png in Resources */ = {isa = PBXBuildFile; fileRef = 654DF9241C62176A00299EF3 /* Unlock.png */; };
		654DF93C1C62176B00299EF3 /* Unlock@2x.png in Resources */ = {isa = PBXBuildFile; fileRef = 654DF9251C62176A00299EF3 /* Unlock@2x.png */; };
		654DF93D1C62176B00299EF3 /* VideoCall.png in Resources */ = {isa = PBXBuildFile; fileRef = 654DF9261C62176A00299EF3 /* VideoCall.png */; };
		654DF93E1C62176B00299EF3 /* VideoCall@2x.png in Resources */ = {isa = PBXBuildFile; fileRef = 654DF9271C62176A00299EF3 /* VideoCall@2x.png */; };
		654DF93F1C62176B00299EF3 /* logoSkylink.png in Resources */ = {isa = PBXBuildFile; fileRef = 654DF9281C62176A00299EF3 /* logoSkylink.png */; };
		654DF9401C62176B00299EF3 /* logoSkylink@2x.png in Resources */ = {isa = PBXBuildFile; fileRef = 654DF9291C62176A00299EF3 /* logoSkylink@2x.png */; };
		654DF9411C62176B00299EF3 /* logoSkylink@3x.png in Resources */ = {isa = PBXBuildFile; fileRef = 654DF92A1C62176A00299EF3 /* logoSkylink@3x.png */; };
		C23789B2232B3AAB003DEA8B /* Peer.m in Sources */ = {isa = PBXBuildFile; fileRef = C23789B1232B3AAB003DEA8B /* Peer.m */; };
		C27D421F231FB8AE00C2A21F /* SettingsViewController.m in Sources */ = {isa = PBXBuildFile; fileRef = C27D421E231FB8AE00C2A21F /* SettingsViewController.m */; };
		C27D422B2320F73500C2A21F /* SettingCell.m in Sources */ = {isa = PBXBuildFile; fileRef = C27D42292320F73500C2A21F /* SettingCell.m */; };
		C27D422C2320F73500C2A21F /* SettingCell.xib in Resources */ = {isa = PBXBuildFile; fileRef = C27D422A2320F73500C2A21F /* SettingCell.xib */; };
		C27D422F2320F9CC00C2A21F /* Constant.m in Sources */ = {isa = PBXBuildFile; fileRef = C27D422E2320F9CC00C2A21F /* Constant.m */; };
		C27D42322321054300C2A21F /* StatsView.m in Sources */ = {isa = PBXBuildFile; fileRef = C27D42312321054300C2A21F /* StatsView.m */; };
		C27D42342321056600C2A21F /* StatsView.xib in Resources */ = {isa = PBXBuildFile; fileRef = C27D42332321056600C2A21F /* StatsView.xib */; };
		CB1DD46F238D1403007CB785 /* BaseVC.m in Sources */ = {isa = PBXBuildFile; fileRef = CB1DD46E238D1403007CB785 /* BaseVC.m */; };
		CB661BE1238BBB94007043F8 /* UIView+Ext.m in Sources */ = {isa = PBXBuildFile; fileRef = CB661BE0238BBB94007043F8 /* UIView+Ext.m */; };
		CB661BE4238BBF6C007043F8 /* UIAlertController+Ext.m in Sources */ = {isa = PBXBuildFile; fileRef = CB661BE2238BBF6C007043F8 /* UIAlertController+Ext.m */; };
		CB661BE9238BD925007043F8 /* Utils.m in Sources */ = {isa = PBXBuildFile; fileRef = CB661BE7238BD925007043F8 /* Utils.m */; };
		CB9342F2241612D20008705E /* EncryptSecretCell.m in Sources */ = {isa = PBXBuildFile; fileRef = CB9342F0241612D20008705E /* EncryptSecretCell.m */; };
		CB9342F3241612D20008705E /* EncryptSecretCell.xib in Resources */ = {isa = PBXBuildFile; fileRef = CB9342F1241612D20008705E /* EncryptSecretCell.xib */; };
		CB9342F624163FC20008705E /* SAMessage.m in Sources */ = {isa = PBXBuildFile; fileRef = CB9342F524163FC20008705E /* SAMessage.m */; };
		CB9342F92416423C0008705E /* NSDate+Ext.m in Sources */ = {isa = PBXBuildFile; fileRef = CB9342F82416423C0008705E /* NSDate+Ext.m */; };
		CB9342FC241763B60008705E /* NSString+Ext.m in Sources */ = {isa = PBXBuildFile; fileRef = CB9342FB241763B60008705E /* NSString+Ext.m */; };
/* End PBXBuildFile section */

/* Begin PBXCopyFilesBuildPhase section */
		C2E2A1DC231FA55D007464BC /* Embed Frameworks */ = {
			isa = PBXCopyFilesBuildPhase;
			buildActionMask = 2147483647;
			dstPath = "";
			dstSubfolderSpec = 10;
			files = (
			);
			name = "Embed Frameworks";
			runOnlyForDeploymentPostprocessing = 0;
		};
/* End PBXCopyFilesBuildPhase section */

/* Begin PBXFileReference section */
		650C9CBC1C6CA67B0088BF15 /* GLKit.framework */ = {isa = PBXFileReference; lastKnownFileType = wrapper.framework; name = GLKit.framework; path = System/Library/Frameworks/GLKit.framework; sourceTree = SDKROOT; };
		650C9CBE1C6CA6880088BF15 /* VideoToolbox.framework */ = {isa = PBXFileReference; lastKnownFileType = wrapper.framework; name = VideoToolbox.framework; path = System/Library/Frameworks/VideoToolbox.framework; sourceTree = SDKROOT; };
		6516758F1D07E2900049778C /* DataTransferViewController.h */ = {isa = PBXFileReference; fileEncoding = 4; lastKnownFileType = sourcecode.c.h; path = DataTransferViewController.h; sourceTree = "<group>"; };
		651675901D07E2900049778C /* DataTransferViewController.m */ = {isa = PBXFileReference; fileEncoding = 4; lastKnownFileType = sourcecode.c.objc; path = DataTransferViewController.m; sourceTree = "<group>"; };
		653BE0B41D116257008DF816 /* DataTransferSamples */ = {isa = PBXFileReference; lastKnownFileType = folder; path = DataTransferSamples; sourceTree = "<group>"; };
		654DF89B1C5F3EE400299EF3 /* SkylinkSample.app */ = {isa = PBXFileReference; explicitFileType = wrapper.application; includeInIndex = 0; path = SkylinkSample.app; sourceTree = BUILT_PRODUCTS_DIR; };
		654DF89F1C5F3EE400299EF3 /* main.m */ = {isa = PBXFileReference; lastKnownFileType = sourcecode.c.objc; path = main.m; sourceTree = "<group>"; };
		654DF8A11C5F3EE400299EF3 /* AppDelegate.h */ = {isa = PBXFileReference; lastKnownFileType = sourcecode.c.h; path = AppDelegate.h; sourceTree = "<group>"; };
		654DF8A21C5F3EE400299EF3 /* AppDelegate.m */ = {isa = PBXFileReference; lastKnownFileType = sourcecode.c.objc; path = AppDelegate.m; sourceTree = "<group>"; };
		654DF8A81C5F3EE400299EF3 /* Base */ = {isa = PBXFileReference; lastKnownFileType = file.storyboard; name = Base; path = Base.lproj/Main.storyboard; sourceTree = "<group>"; };
		654DF8AA1C5F3EE400299EF3 /* Assets.xcassets */ = {isa = PBXFileReference; lastKnownFileType = folder.assetcatalog; path = Assets.xcassets; sourceTree = "<group>"; };
		654DF8AD1C5F3EE400299EF3 /* Base */ = {isa = PBXFileReference; lastKnownFileType = file.storyboard; name = Base; path = Base.lproj/LaunchScreen.storyboard; sourceTree = "<group>"; };
		654DF8AF1C5F3EE400299EF3 /* Info.plist */ = {isa = PBXFileReference; lastKnownFileType = text.plist.xml; path = Info.plist; sourceTree = "<group>"; };
		654DF8B71C5F4BC400299EF3 /* AudioCallViewController.h */ = {isa = PBXFileReference; fileEncoding = 4; lastKnownFileType = sourcecode.c.h; path = AudioCallViewController.h; sourceTree = "<group>"; };
		654DF8B81C5F4BC400299EF3 /* AudioCallViewController.m */ = {isa = PBXFileReference; fileEncoding = 4; lastKnownFileType = sourcecode.c.objc; path = AudioCallViewController.m; sourceTree = "<group>"; };
		654DF8B91C5F4BC400299EF3 /* FileTransferViewController.h */ = {isa = PBXFileReference; fileEncoding = 4; lastKnownFileType = sourcecode.c.h; path = FileTransferViewController.h; sourceTree = "<group>"; };
		654DF8BA1C5F4BC400299EF3 /* FileTransferViewController.m */ = {isa = PBXFileReference; fileEncoding = 4; lastKnownFileType = sourcecode.c.objc; path = FileTransferViewController.m; sourceTree = "<group>"; };
		654DF8BB1C5F4BC400299EF3 /* MessagesViewController.h */ = {isa = PBXFileReference; fileEncoding = 4; lastKnownFileType = sourcecode.c.h; path = MessagesViewController.h; sourceTree = "<group>"; };
		654DF8BC1C5F4BC400299EF3 /* MessagesViewController.m */ = {isa = PBXFileReference; fileEncoding = 4; lastKnownFileType = sourcecode.c.objc; path = MessagesViewController.m; sourceTree = "<group>"; };
		654DF8BD1C5F4BC400299EF3 /* MultiVideoCallViewController.h */ = {isa = PBXFileReference; fileEncoding = 4; lastKnownFileType = sourcecode.c.h; path = MultiVideoCallViewController.h; sourceTree = "<group>"; };
		654DF8BE1C5F4BC400299EF3 /* MultiVideoCallViewController.m */ = {isa = PBXFileReference; fileEncoding = 4; lastKnownFileType = sourcecode.c.objc; path = MultiVideoCallViewController.m; sourceTree = "<group>"; };
		654DF8BF1C5F4BC400299EF3 /* VideoCallViewController.h */ = {isa = PBXFileReference; fileEncoding = 4; lastKnownFileType = sourcecode.c.h; path = VideoCallViewController.h; sourceTree = "<group>"; };
		654DF8C01C5F4BC400299EF3 /* VideoCallViewController.m */ = {isa = PBXFileReference; fileEncoding = 4; lastKnownFileType = sourcecode.c.objc; path = VideoCallViewController.m; sourceTree = "<group>"; };
		654DF8C91C5F516A00299EF3 /* HomeViewController.h */ = {isa = PBXFileReference; fileEncoding = 4; lastKnownFileType = sourcecode.c.h; path = HomeViewController.h; sourceTree = "<group>"; };
		654DF8CA1C5F516A00299EF3 /* HomeViewController.m */ = {isa = PBXFileReference; fileEncoding = 4; lastKnownFileType = sourcecode.c.objc; path = HomeViewController.m; sourceTree = "<group>"; };
		654DF8CD1C5F542E00299EF3 /* UIAspectFitButton.h */ = {isa = PBXFileReference; fileEncoding = 4; lastKnownFileType = sourcecode.c.h; name = UIAspectFitButton.h; path = utils/UIAspectFitButton.h; sourceTree = "<group>"; };
		654DF8CE1C5F542E00299EF3 /* UIAspectFitButton.m */ = {isa = PBXFileReference; fileEncoding = 4; lastKnownFileType = sourcecode.c.objc; name = UIAspectFitButton.m; path = utils/UIAspectFitButton.m; sourceTree = "<group>"; };
		654DF90F1C6216DB00299EF3 /* TransferFileSamples */ = {isa = PBXFileReference; lastKnownFileType = folder; path = TransferFileSamples; sourceTree = "<group>"; };
		654DF9141C62176A00299EF3 /* Cancel.png */ = {isa = PBXFileReference; lastKnownFileType = image.png; path = Cancel.png; sourceTree = "<group>"; };
		654DF9151C62176A00299EF3 /* Cancel@2x.png */ = {isa = PBXFileReference; lastKnownFileType = image.png; path = "Cancel@2x.png"; sourceTree = "<group>"; };
		654DF9161C62176A00299EF3 /* HideKeyboard.png */ = {isa = PBXFileReference; lastKnownFileType = image.png; path = HideKeyboard.png; sourceTree = "<group>"; };
		654DF9171C62176A00299EF3 /* HideKeyboard@2x.png */ = {isa = PBXFileReference; lastKnownFileType = image.png; path = "HideKeyboard@2x.png"; sourceTree = "<group>"; };
		654DF9181C62176A00299EF3 /* LockFilled.png */ = {isa = PBXFileReference; lastKnownFileType = image.png; path = LockFilled.png; sourceTree = "<group>"; };
		654DF9191C62176A00299EF3 /* LockFilled@2x.png */ = {isa = PBXFileReference; lastKnownFileType = image.png; path = "LockFilled@2x.png"; sourceTree = "<group>"; };
		654DF91A1C62176A00299EF3 /* Microphone.png */ = {isa = PBXFileReference; lastKnownFileType = image.png; path = Microphone.png; sourceTree = "<group>"; };
		654DF91B1C62176A00299EF3 /* Microphone@2x.png */ = {isa = PBXFileReference; lastKnownFileType = image.png; path = "Microphone@2x.png"; sourceTree = "<group>"; };
		654DF91C1C62176A00299EF3 /* NoMicrophoneFilled.png */ = {isa = PBXFileReference; lastKnownFileType = image.png; path = NoMicrophoneFilled.png; sourceTree = "<group>"; };
		654DF91D1C62176A00299EF3 /* NoMicrophoneFilled@2x.png */ = {isa = PBXFileReference; lastKnownFileType = image.png; path = "NoMicrophoneFilled@2x.png"; sourceTree = "<group>"; };
		654DF91E1C62176A00299EF3 /* NoVideoFilled.png */ = {isa = PBXFileReference; lastKnownFileType = image.png; path = NoVideoFilled.png; sourceTree = "<group>"; };
		654DF91F1C62176A00299EF3 /* NoVideoFilled@2x.png */ = {isa = PBXFileReference; lastKnownFileType = image.png; path = "NoVideoFilled@2x.png"; sourceTree = "<group>"; };
		654DF9201C62176A00299EF3 /* Refresh.png */ = {isa = PBXFileReference; lastKnownFileType = image.png; path = Refresh.png; sourceTree = "<group>"; };
		654DF9211C62176A00299EF3 /* Refresh@2x.png */ = {isa = PBXFileReference; lastKnownFileType = image.png; path = "Refresh@2x.png"; sourceTree = "<group>"; };
		654DF9221C62176A00299EF3 /* SwitchCamera.png */ = {isa = PBXFileReference; lastKnownFileType = image.png; path = SwitchCamera.png; sourceTree = "<group>"; };
		654DF9231C62176A00299EF3 /* SwitchCamera@2x.png */ = {isa = PBXFileReference; lastKnownFileType = image.png; path = "SwitchCamera@2x.png"; sourceTree = "<group>"; };
		654DF9241C62176A00299EF3 /* Unlock.png */ = {isa = PBXFileReference; lastKnownFileType = image.png; path = Unlock.png; sourceTree = "<group>"; };
		654DF9251C62176A00299EF3 /* Unlock@2x.png */ = {isa = PBXFileReference; lastKnownFileType = image.png; path = "Unlock@2x.png"; sourceTree = "<group>"; };
		654DF9261C62176A00299EF3 /* VideoCall.png */ = {isa = PBXFileReference; lastKnownFileType = image.png; path = VideoCall.png; sourceTree = "<group>"; };
		654DF9271C62176A00299EF3 /* VideoCall@2x.png */ = {isa = PBXFileReference; lastKnownFileType = image.png; path = "VideoCall@2x.png"; sourceTree = "<group>"; };
		654DF9281C62176A00299EF3 /* logoSkylink.png */ = {isa = PBXFileReference; lastKnownFileType = image.png; path = logoSkylink.png; sourceTree = "<group>"; };
		654DF9291C62176A00299EF3 /* logoSkylink@2x.png */ = {isa = PBXFileReference; lastKnownFileType = image.png; path = "logoSkylink@2x.png"; sourceTree = "<group>"; };
		654DF92A1C62176A00299EF3 /* logoSkylink@3x.png */ = {isa = PBXFileReference; lastKnownFileType = image.png; path = "logoSkylink@3x.png"; sourceTree = "<group>"; };
		C23789B0232B3AAB003DEA8B /* Peer.h */ = {isa = PBXFileReference; lastKnownFileType = sourcecode.c.h; path = Peer.h; sourceTree = "<group>"; };
		C23789B1232B3AAB003DEA8B /* Peer.m */ = {isa = PBXFileReference; lastKnownFileType = sourcecode.c.objc; path = Peer.m; sourceTree = "<group>"; };
		C27D421D231FB8AE00C2A21F /* SettingsViewController.h */ = {isa = PBXFileReference; fileEncoding = 4; lastKnownFileType = sourcecode.c.h; path = SettingsViewController.h; sourceTree = "<group>"; };
		C27D421E231FB8AE00C2A21F /* SettingsViewController.m */ = {isa = PBXFileReference; fileEncoding = 4; lastKnownFileType = sourcecode.c.objc; path = SettingsViewController.m; sourceTree = "<group>"; };
		C27D42282320F73500C2A21F /* SettingCell.h */ = {isa = PBXFileReference; lastKnownFileType = sourcecode.c.h; path = SettingCell.h; sourceTree = "<group>"; };
		C27D42292320F73500C2A21F /* SettingCell.m */ = {isa = PBXFileReference; lastKnownFileType = sourcecode.c.objc; path = SettingCell.m; sourceTree = "<group>"; };
		C27D422A2320F73500C2A21F /* SettingCell.xib */ = {isa = PBXFileReference; lastKnownFileType = file.xib; path = SettingCell.xib; sourceTree = "<group>"; };
		C27D422D2320F9CC00C2A21F /* Constant.h */ = {isa = PBXFileReference; lastKnownFileType = sourcecode.c.h; path = Constant.h; sourceTree = "<group>"; };
		C27D422E2320F9CC00C2A21F /* Constant.m */ = {isa = PBXFileReference; lastKnownFileType = sourcecode.c.objc; path = Constant.m; sourceTree = "<group>"; };
		C27D42302321054300C2A21F /* StatsView.h */ = {isa = PBXFileReference; lastKnownFileType = sourcecode.c.h; path = StatsView.h; sourceTree = "<group>"; };
		C27D42312321054300C2A21F /* StatsView.m */ = {isa = PBXFileReference; lastKnownFileType = sourcecode.c.objc; path = StatsView.m; sourceTree = "<group>"; };
		C27D42332321056600C2A21F /* StatsView.xib */ = {isa = PBXFileReference; lastKnownFileType = file.xib; path = StatsView.xib; sourceTree = "<group>"; };
		C2B1E16323541C0A0047C4AB /* SkylinkSample-Bridging-Header.h */ = {isa = PBXFileReference; lastKnownFileType = sourcecode.c.h; path = "SkylinkSample-Bridging-Header.h"; sourceTree = "<group>"; };
		CB1DD46D238D1403007CB785 /* BaseVC.h */ = {isa = PBXFileReference; lastKnownFileType = sourcecode.c.h; path = BaseVC.h; sourceTree = "<group>"; };
		CB1DD46E238D1403007CB785 /* BaseVC.m */ = {isa = PBXFileReference; lastKnownFileType = sourcecode.c.objc; path = BaseVC.m; sourceTree = "<group>"; };
		CB661BDF238BBB94007043F8 /* UIView+Ext.h */ = {isa = PBXFileReference; lastKnownFileType = sourcecode.c.h; name = "UIView+Ext.h"; path = "Categories/UIView+Ext.h"; sourceTree = "<group>"; };
		CB661BE0238BBB94007043F8 /* UIView+Ext.m */ = {isa = PBXFileReference; lastKnownFileType = sourcecode.c.objc; name = "UIView+Ext.m"; path = "Categories/UIView+Ext.m"; sourceTree = "<group>"; };
		CB661BE2238BBF6C007043F8 /* UIAlertController+Ext.m */ = {isa = PBXFileReference; fileEncoding = 4; lastKnownFileType = sourcecode.c.objc; name = "UIAlertController+Ext.m"; path = "Categories/UIAlertController+Ext.m"; sourceTree = "<group>"; };
		CB661BE3238BBF6C007043F8 /* UIAlertController+Ext.h */ = {isa = PBXFileReference; fileEncoding = 4; lastKnownFileType = sourcecode.c.h; name = "UIAlertController+Ext.h"; path = "Categories/UIAlertController+Ext.h"; sourceTree = "<group>"; };
		CB661BE5238BBF7D007043F8 /* Categories.h */ = {isa = PBXFileReference; lastKnownFileType = sourcecode.c.h; name = Categories.h; path = Categories/Categories.h; sourceTree = "<group>"; };
		CB661BE7238BD925007043F8 /* Utils.m */ = {isa = PBXFileReference; fileEncoding = 4; lastKnownFileType = sourcecode.c.objc; name = Utils.m; path = utils/Utils.m; sourceTree = "<group>"; };
		CB661BE8238BD925007043F8 /* Utils.h */ = {isa = PBXFileReference; fileEncoding = 4; lastKnownFileType = sourcecode.c.h; name = Utils.h; path = utils/Utils.h; sourceTree = "<group>"; };
		CB661BEB238CDFE1007043F8 /* PrefixHeader.pch */ = {isa = PBXFileReference; lastKnownFileType = sourcecode.c.h; path = PrefixHeader.pch; sourceTree = "<group>"; };
		CB9342EF241612D20008705E /* EncryptSecretCell.h */ = {isa = PBXFileReference; lastKnownFileType = sourcecode.c.h; path = EncryptSecretCell.h; sourceTree = "<group>"; };
		CB9342F0241612D20008705E /* EncryptSecretCell.m */ = {isa = PBXFileReference; lastKnownFileType = sourcecode.c.objc; path = EncryptSecretCell.m; sourceTree = "<group>"; };
		CB9342F1241612D20008705E /* EncryptSecretCell.xib */ = {isa = PBXFileReference; lastKnownFileType = file.xib; path = EncryptSecretCell.xib; sourceTree = "<group>"; };
		CB9342F424163FC20008705E /* SAMessage.h */ = {isa = PBXFileReference; lastKnownFileType = sourcecode.c.h; path = SAMessage.h; sourceTree = "<group>"; };
		CB9342F524163FC20008705E /* SAMessage.m */ = {isa = PBXFileReference; lastKnownFileType = sourcecode.c.objc; path = SAMessage.m; sourceTree = "<group>"; };
		CB9342F72416423C0008705E /* NSDate+Ext.h */ = {isa = PBXFileReference; lastKnownFileType = sourcecode.c.h; name = "NSDate+Ext.h"; path = "Categories/NSDate+Ext.h"; sourceTree = "<group>"; };
		CB9342F82416423C0008705E /* NSDate+Ext.m */ = {isa = PBXFileReference; lastKnownFileType = sourcecode.c.objc; name = "NSDate+Ext.m"; path = "Categories/NSDate+Ext.m"; sourceTree = "<group>"; };
		CB9342FA241763B60008705E /* NSString+Ext.h */ = {isa = PBXFileReference; lastKnownFileType = sourcecode.c.h; name = "NSString+Ext.h"; path = "Categories/NSString+Ext.h"; sourceTree = "<group>"; };
		CB9342FB241763B60008705E /* NSString+Ext.m */ = {isa = PBXFileReference; lastKnownFileType = sourcecode.c.objc; name = "NSString+Ext.m"; path = "Categories/NSString+Ext.m"; sourceTree = "<group>"; };
/* End PBXFileReference section */

/* Begin PBXFrameworksBuildPhase section */
		654DF8981C5F3EE400299EF3 /* Frameworks */ = {
			isa = PBXFrameworksBuildPhase;
			buildActionMask = 2147483647;
			files = (
				650C9CBF1C6CA6880088BF15 /* VideoToolbox.framework in Frameworks */,
				650C9CBD1C6CA67B0088BF15 /* GLKit.framework in Frameworks */,
			);
			runOnlyForDeploymentPostprocessing = 0;
		};
/* End PBXFrameworksBuildPhase section */

/* Begin PBXGroup section */
		654DF8921C5F3EE400299EF3 = {
			isa = PBXGroup;
			children = (
				654DF89D1C5F3EE400299EF3 /* SkylinkSample */,
				654DF89C1C5F3EE400299EF3 /* Products */,
				9AF99D477FDCFC748C037C3E /* Frameworks */,
			);
			sourceTree = "<group>";
		};
		654DF89C1C5F3EE400299EF3 /* Products */ = {
			isa = PBXGroup;
			children = (
				654DF89B1C5F3EE400299EF3 /* SkylinkSample.app */,
			);
			name = Products;
			sourceTree = "<group>";
		};
		654DF89D1C5F3EE400299EF3 /* SkylinkSample */ = {
			isa = PBXGroup;
			children = (
				654DF8C61C5F4BD700299EF3 /* Custom */,
				CB1DD471238D1D83007CB785 /* Models */,
				CB1DD470238D1D63007CB785 /* ViewControllers */,
				CB661BE6238BD8F9007043F8 /* Utils */,
				CB661BDE238BBB59007043F8 /* Categories */,
				654DF8A11C5F3EE400299EF3 /* AppDelegate.h */,
				654DF8A21C5F3EE400299EF3 /* AppDelegate.m */,
				CB661BEB238CDFE1007043F8 /* PrefixHeader.pch */,
				C2B1E16323541C0A0047C4AB /* SkylinkSample-Bridging-Header.h */,
				654DF8A71C5F3EE400299EF3 /* Main.storyboard */,
				654DF8AA1C5F3EE400299EF3 /* Assets.xcassets */,
				654DF8AC1C5F3EE400299EF3 /* LaunchScreen.storyboard */,
				654DF8AF1C5F3EE400299EF3 /* Info.plist */,
				654DF89E1C5F3EE400299EF3 /* Supporting Files */,
				653BE0B41D116257008DF816 /* DataTransferSamples */,
				654DF90F1C6216DB00299EF3 /* TransferFileSamples */,
				654DF9121C62176A00299EF3 /* images */,
			);
			path = SkylinkSample;
			sourceTree = "<group>";
		};
		654DF89E1C5F3EE400299EF3 /* Supporting Files */ = {
			isa = PBXGroup;
			children = (
				654DF89F1C5F3EE400299EF3 /* main.m */,
			);
			name = "Supporting Files";
			sourceTree = "<group>";
		};
		654DF8C61C5F4BD700299EF3 /* Custom */ = {
			isa = PBXGroup;
			children = (
				C27D42282320F73500C2A21F /* SettingCell.h */,
				C27D42292320F73500C2A21F /* SettingCell.m */,
				C27D422A2320F73500C2A21F /* SettingCell.xib */,
				CB9342EF241612D20008705E /* EncryptSecretCell.h */,
				CB9342F0241612D20008705E /* EncryptSecretCell.m */,
				CB9342F1241612D20008705E /* EncryptSecretCell.xib */,
				C27D42302321054300C2A21F /* StatsView.h */,
				C27D42312321054300C2A21F /* StatsView.m */,
				C27D42332321056600C2A21F /* StatsView.xib */,
				654DF8CD1C5F542E00299EF3 /* UIAspectFitButton.h */,
				654DF8CE1C5F542E00299EF3 /* UIAspectFitButton.m */,
			);
			name = Custom;
			sourceTree = "<group>";
		};
		654DF9121C62176A00299EF3 /* images */ = {
			isa = PBXGroup;
			children = (
				654DF9131C62176A00299EF3 /* icons */,
				654DF9281C62176A00299EF3 /* logoSkylink.png */,
				654DF9291C62176A00299EF3 /* logoSkylink@2x.png */,
				654DF92A1C62176A00299EF3 /* logoSkylink@3x.png */,
			);
			path = images;
			sourceTree = "<group>";
		};
		654DF9131C62176A00299EF3 /* icons */ = {
			isa = PBXGroup;
			children = (
				654DF9141C62176A00299EF3 /* Cancel.png */,
				654DF9151C62176A00299EF3 /* Cancel@2x.png */,
				654DF9161C62176A00299EF3 /* HideKeyboard.png */,
				654DF9171C62176A00299EF3 /* HideKeyboard@2x.png */,
				654DF9181C62176A00299EF3 /* LockFilled.png */,
				654DF9191C62176A00299EF3 /* LockFilled@2x.png */,
				654DF91A1C62176A00299EF3 /* Microphone.png */,
				654DF91B1C62176A00299EF3 /* Microphone@2x.png */,
				654DF91C1C62176A00299EF3 /* NoMicrophoneFilled.png */,
				654DF91D1C62176A00299EF3 /* NoMicrophoneFilled@2x.png */,
				654DF91E1C62176A00299EF3 /* NoVideoFilled.png */,
				654DF91F1C62176A00299EF3 /* NoVideoFilled@2x.png */,
				654DF9201C62176A00299EF3 /* Refresh.png */,
				654DF9211C62176A00299EF3 /* Refresh@2x.png */,
				654DF9221C62176A00299EF3 /* SwitchCamera.png */,
				654DF9231C62176A00299EF3 /* SwitchCamera@2x.png */,
				654DF9241C62176A00299EF3 /* Unlock.png */,
				654DF9251C62176A00299EF3 /* Unlock@2x.png */,
				654DF9261C62176A00299EF3 /* VideoCall.png */,
				654DF9271C62176A00299EF3 /* VideoCall@2x.png */,
			);
			path = icons;
			sourceTree = "<group>";
		};
		9AF99D477FDCFC748C037C3E /* Frameworks */ = {
			isa = PBXGroup;
			children = (
				650C9CBE1C6CA6880088BF15 /* VideoToolbox.framework */,
				650C9CBC1C6CA67B0088BF15 /* GLKit.framework */,
			);
			name = Frameworks;
			sourceTree = "<group>";
		};
		CB1DD470238D1D63007CB785 /* ViewControllers */ = {
			isa = PBXGroup;
			children = (
				654DF8C91C5F516A00299EF3 /* HomeViewController.h */,
				654DF8CA1C5F516A00299EF3 /* HomeViewController.m */,
				C27D421D231FB8AE00C2A21F /* SettingsViewController.h */,
				C27D421E231FB8AE00C2A21F /* SettingsViewController.m */,
				CB1DD46D238D1403007CB785 /* BaseVC.h */,
				CB1DD46E238D1403007CB785 /* BaseVC.m */,
				654DF8B71C5F4BC400299EF3 /* AudioCallViewController.h */,
				654DF8B81C5F4BC400299EF3 /* AudioCallViewController.m */,
				654DF8B91C5F4BC400299EF3 /* FileTransferViewController.h */,
				654DF8BA1C5F4BC400299EF3 /* FileTransferViewController.m */,
				6516758F1D07E2900049778C /* DataTransferViewController.h */,
				651675901D07E2900049778C /* DataTransferViewController.m */,
				654DF8BB1C5F4BC400299EF3 /* MessagesViewController.h */,
				654DF8BC1C5F4BC400299EF3 /* MessagesViewController.m */,
				654DF8BD1C5F4BC400299EF3 /* MultiVideoCallViewController.h */,
				654DF8BE1C5F4BC400299EF3 /* MultiVideoCallViewController.m */,
				654DF8BF1C5F4BC400299EF3 /* VideoCallViewController.h */,
				654DF8C01C5F4BC400299EF3 /* VideoCallViewController.m */,
			);
			name = ViewControllers;
			sourceTree = "<group>";
		};
		CB1DD471238D1D83007CB785 /* Models */ = {
			isa = PBXGroup;
			children = (
				C23789B0232B3AAB003DEA8B /* Peer.h */,
				C23789B1232B3AAB003DEA8B /* Peer.m */,
				CB9342F424163FC20008705E /* SAMessage.h */,
				CB9342F524163FC20008705E /* SAMessage.m */,
			);
			name = Models;
			sourceTree = "<group>";
		};
		CB661BDE238BBB59007043F8 /* Categories */ = {
			isa = PBXGroup;
			children = (
				CB661BE0238BBB94007043F8 /* UIView+Ext.m */,
				CB661BDF238BBB94007043F8 /* UIView+Ext.h */,
				CB661BE3238BBF6C007043F8 /* UIAlertController+Ext.h */,
				CB661BE2238BBF6C007043F8 /* UIAlertController+Ext.m */,
				CB9342F72416423C0008705E /* NSDate+Ext.h */,
				CB9342F82416423C0008705E /* NSDate+Ext.m */,
				CB9342FA241763B60008705E /* NSString+Ext.h */,
				CB9342FB241763B60008705E /* NSString+Ext.m */,
				CB661BE5238BBF7D007043F8 /* Categories.h */,
			);
			name = Categories;
			sourceTree = "<group>";
		};
		CB661BE6238BD8F9007043F8 /* Utils */ = {
			isa = PBXGroup;
			children = (
				C27D422D2320F9CC00C2A21F /* Constant.h */,
				C27D422E2320F9CC00C2A21F /* Constant.m */,
				CB661BE8238BD925007043F8 /* Utils.h */,
				CB661BE7238BD925007043F8 /* Utils.m */,
			);
			name = Utils;
			sourceTree = "<group>";
		};
/* End PBXGroup section */

/* Begin PBXNativeTarget section */
		654DF89A1C5F3EE400299EF3 /* SkylinkSample */ = {
			isa = PBXNativeTarget;
			buildConfigurationList = 654DF8B21C5F3EE400299EF3 /* Build configuration list for PBXNativeTarget "SkylinkSample" */;
			buildPhases = (
				654DF8971C5F3EE400299EF3 /* Sources */,
				654DF8981C5F3EE400299EF3 /* Frameworks */,
				654DF8991C5F3EE400299EF3 /* Resources */,
				65D2F37C1CA3FC1500084EEC /* ShellScript */,
				C2E2A1DC231FA55D007464BC /* Embed Frameworks */,
			);
			buildRules = (
			);
			dependencies = (
			);
			name = SkylinkSample;
			productName = SkylinkSample;
			productReference = 654DF89B1C5F3EE400299EF3 /* SkylinkSample.app */;
			productType = "com.apple.product-type.application";
		};
/* End PBXNativeTarget section */

/* Begin PBXProject section */
		654DF8931C5F3EE400299EF3 /* Project object */ = {
			isa = PBXProject;
			attributes = {
				LastUpgradeCheck = 1110;
				ORGANIZATIONNAME = "Romain Pellen";
				TargetAttributes = {
					654DF89A1C5F3EE400299EF3 = {
						CreatedOnToolsVersion = 7.2;
						DevelopmentTeam = VVYWH469LG;
						LastSwiftMigration = 1110;
						ProvisioningStyle = Automatic;
						SystemCapabilities = {
							com.apple.BackgroundModes = {
								enabled = 1;
							};
						};
					};
				};
			};
			buildConfigurationList = 654DF8961C5F3EE400299EF3 /* Build configuration list for PBXProject "SkylinkSample" */;
			compatibilityVersion = "Xcode 3.2";
			developmentRegion = en;
			hasScannedForEncodings = 0;
			knownRegions = (
				en,
				Base,
				de,
				el,
				es,
				fr,
				it,
				ja,
				nl,
				"pt-PT",
				pt,
				ru,
				sv,
				th,
				tr,
			);
			mainGroup = 654DF8921C5F3EE400299EF3;
			productRefGroup = 654DF89C1C5F3EE400299EF3 /* Products */;
			projectDirPath = "";
			projectRoot = "";
			targets = (
				654DF89A1C5F3EE400299EF3 /* SkylinkSample */,
			);
		};
/* End PBXProject section */

/* Begin PBXResourcesBuildPhase section */
		654DF8991C5F3EE400299EF3 /* Resources */ = {
			isa = PBXResourcesBuildPhase;
			buildActionMask = 2147483647;
			files = (
				654DF9411C62176B00299EF3 /* logoSkylink@3x.png in Resources */,
				654DF9311C62176B00299EF3 /* Microphone.png in Resources */,
				654DF92C1C62176A00299EF3 /* Cancel@2x.png in Resources */,
				654DF93B1C62176B00299EF3 /* Unlock.png in Resources */,
				654DF9401C62176B00299EF3 /* logoSkylink@2x.png in Resources */,
				654DF9331C62176B00299EF3 /* NoMicrophoneFilled.png in Resources */,
				654DF93C1C62176B00299EF3 /* Unlock@2x.png in Resources */,
				654DF92D1C62176A00299EF3 /* HideKeyboard.png in Resources */,
				654DF9371C62176B00299EF3 /* Refresh.png in Resources */,
				654DF8AE1C5F3EE400299EF3 /* LaunchScreen.storyboard in Resources */,
				654DF9361C62176B00299EF3 /* NoVideoFilled@2x.png in Resources */,
				654DF93F1C62176B00299EF3 /* logoSkylink.png in Resources */,
				CB9342F3241612D20008705E /* EncryptSecretCell.xib in Resources */,
				654DF93A1C62176B00299EF3 /* SwitchCamera@2x.png in Resources */,
				654DF92E1C62176A00299EF3 /* HideKeyboard@2x.png in Resources */,
				654DF9391C62176B00299EF3 /* SwitchCamera.png in Resources */,
				654DF8AB1C5F3EE400299EF3 /* Assets.xcassets in Resources */,
				654DF9301C62176A00299EF3 /* LockFilled@2x.png in Resources */,
				654DF92B1C62176A00299EF3 /* Cancel.png in Resources */,
				654DF92F1C62176A00299EF3 /* LockFilled.png in Resources */,
				654DF93E1C62176B00299EF3 /* VideoCall@2x.png in Resources */,
				C27D42342321056600C2A21F /* StatsView.xib in Resources */,
				654DF8A91C5F3EE400299EF3 /* Main.storyboard in Resources */,
				C27D422C2320F73500C2A21F /* SettingCell.xib in Resources */,
				654DF9341C62176B00299EF3 /* NoMicrophoneFilled@2x.png in Resources */,
				654DF9381C62176B00299EF3 /* Refresh@2x.png in Resources */,
				654DF9321C62176B00299EF3 /* Microphone@2x.png in Resources */,
				654DF9351C62176B00299EF3 /* NoVideoFilled.png in Resources */,
				653BE0B51D116257008DF816 /* DataTransferSamples in Resources */,
				654DF9111C6216DB00299EF3 /* TransferFileSamples in Resources */,
				654DF93D1C62176B00299EF3 /* VideoCall.png in Resources */,
			);
			runOnlyForDeploymentPostprocessing = 0;
		};
/* End PBXResourcesBuildPhase section */

/* Begin PBXShellScriptBuildPhase section */
		65D2F37C1CA3FC1500084EEC /* ShellScript */ = {
			isa = PBXShellScriptBuildPhase;
			buildActionMask = 2147483647;
			files = (
			);
			inputPaths = (
			);
			outputPaths = (
			);
			runOnlyForDeploymentPostprocessing = 0;
			shellPath = /bin/sh;
			shellScript = "# Type a script or drag a script file from your workspace to insert its path.\n";
		};
/* End PBXShellScriptBuildPhase section */

/* Begin PBXSourcesBuildPhase section */
		654DF8971C5F3EE400299EF3 /* Sources */ = {
			isa = PBXSourcesBuildPhase;
			buildActionMask = 2147483647;
			files = (
				654DF8C21C5F4BC400299EF3 /* FileTransferViewController.m in Sources */,
				654DF8C31C5F4BC400299EF3 /* MessagesViewController.m in Sources */,
				654DF8C11C5F4BC400299EF3 /* AudioCallViewController.m in Sources */,
				CB1DD46F238D1403007CB785 /* BaseVC.m in Sources */,
				651675911D07E2900049778C /* DataTransferViewController.m in Sources */,
				CB661BE1238BBB94007043F8 /* UIView+Ext.m in Sources */,
				CB9342FC241763B60008705E /* NSString+Ext.m in Sources */,
				654DF8CF1C5F542E00299EF3 /* UIAspectFitButton.m in Sources */,
				CB9342F624163FC20008705E /* SAMessage.m in Sources */,
				654DF8A31C5F3EE400299EF3 /* AppDelegate.m in Sources */,
				654DF8CB1C5F516A00299EF3 /* HomeViewController.m in Sources */,
				654DF8C41C5F4BC400299EF3 /* MultiVideoCallViewController.m in Sources */,
				C27D422F2320F9CC00C2A21F /* Constant.m in Sources */,
				CB661BE9238BD925007043F8 /* Utils.m in Sources */,
				C27D421F231FB8AE00C2A21F /* SettingsViewController.m in Sources */,
				CB661BE4238BBF6C007043F8 /* UIAlertController+Ext.m in Sources */,
				C27D422B2320F73500C2A21F /* SettingCell.m in Sources */,
				CB9342F92416423C0008705E /* NSDate+Ext.m in Sources */,
				654DF8C51C5F4BC400299EF3 /* VideoCallViewController.m in Sources */,
				C23789B2232B3AAB003DEA8B /* Peer.m in Sources */,
				CB9342F2241612D20008705E /* EncryptSecretCell.m in Sources */,
				C27D42322321054300C2A21F /* StatsView.m in Sources */,
				654DF8A01C5F3EE400299EF3 /* main.m in Sources */,
			);
			runOnlyForDeploymentPostprocessing = 0;
		};
/* End PBXSourcesBuildPhase section */

/* Begin PBXVariantGroup section */
		654DF8A71C5F3EE400299EF3 /* Main.storyboard */ = {
			isa = PBXVariantGroup;
			children = (
				654DF8A81C5F3EE400299EF3 /* Base */,
			);
			name = Main.storyboard;
			sourceTree = "<group>";
		};
		654DF8AC1C5F3EE400299EF3 /* LaunchScreen.storyboard */ = {
			isa = PBXVariantGroup;
			children = (
				654DF8AD1C5F3EE400299EF3 /* Base */,
			);
			name = LaunchScreen.storyboard;
			sourceTree = "<group>";
		};
/* End PBXVariantGroup section */

/* Begin XCBuildConfiguration section */
		654DF8B01C5F3EE400299EF3 /* Debug */ = {
			isa = XCBuildConfiguration;
			buildSettings = {
				ALWAYS_EMBED_SWIFT_STANDARD_LIBRARIES = YES;
				ALWAYS_SEARCH_USER_PATHS = NO;
				CLANG_ANALYZER_LOCALIZABILITY_NONLOCALIZED = YES;
				CLANG_CXX_LANGUAGE_STANDARD = "gnu++0x";
				CLANG_CXX_LIBRARY = "libc++";
				CLANG_ENABLE_MODULES = YES;
				CLANG_ENABLE_OBJC_ARC = YES;
				CLANG_WARN_BLOCK_CAPTURE_AUTORELEASING = YES;
				CLANG_WARN_BOOL_CONVERSION = YES;
				CLANG_WARN_COMMA = YES;
				CLANG_WARN_CONSTANT_CONVERSION = YES;
				CLANG_WARN_DEPRECATED_OBJC_IMPLEMENTATIONS = YES;
				CLANG_WARN_DIRECT_OBJC_ISA_USAGE = YES_ERROR;
				CLANG_WARN_EMPTY_BODY = YES;
				CLANG_WARN_ENUM_CONVERSION = YES;
				CLANG_WARN_INFINITE_RECURSION = YES;
				CLANG_WARN_INT_CONVERSION = YES;
				CLANG_WARN_NON_LITERAL_NULL_CONVERSION = YES;
				CLANG_WARN_OBJC_IMPLICIT_RETAIN_SELF = YES;
				CLANG_WARN_OBJC_LITERAL_CONVERSION = YES;
				CLANG_WARN_OBJC_ROOT_CLASS = YES_ERROR;
				CLANG_WARN_RANGE_LOOP_ANALYSIS = YES;
				CLANG_WARN_STRICT_PROTOTYPES = YES;
				CLANG_WARN_SUSPICIOUS_MOVE = YES;
				CLANG_WARN_UNREACHABLE_CODE = YES;
				CLANG_WARN__DUPLICATE_METHOD_MATCH = YES;
				CODE_SIGN_IDENTITY = "iPhone Developer";
				"CODE_SIGN_IDENTITY[sdk=iphoneos*]" = "iPhone Developer";
				COPY_PHASE_STRIP = NO;
				DEBUG_INFORMATION_FORMAT = dwarf;
				ENABLE_BITCODE = YES;
				ENABLE_STRICT_OBJC_MSGSEND = YES;
				ENABLE_TESTABILITY = YES;
				GCC_C_LANGUAGE_STANDARD = gnu99;
				GCC_DYNAMIC_NO_PIC = NO;
				GCC_NO_COMMON_BLOCKS = YES;
				GCC_OPTIMIZATION_LEVEL = 0;
				GCC_PREPROCESSOR_DEFINITIONS = (
					"DEBUG=1",
					"$(inherited)",
				);
				GCC_WARN_64_TO_32_BIT_CONVERSION = YES;
				GCC_WARN_ABOUT_RETURN_TYPE = YES_ERROR;
				GCC_WARN_UNDECLARED_SELECTOR = YES;
				GCC_WARN_UNINITIALIZED_AUTOS = YES_AGGRESSIVE;
				GCC_WARN_UNUSED_FUNCTION = YES;
				GCC_WARN_UNUSED_VARIABLE = YES;
				IPHONEOS_DEPLOYMENT_TARGET = 8.0;
				MTL_ENABLE_DEBUG_INFO = YES;
				ONLY_ACTIVE_ARCH = YES;
				PROVISIONING_PROFILE = "99b34085-4ac1-406f-94c7-b9141aaabd63";
				SDKROOT = iphoneos;
				TARGETED_DEVICE_FAMILY = "1,2";
			};
			name = Debug;
		};
		654DF8B11C5F3EE400299EF3 /* Release */ = {
			isa = XCBuildConfiguration;
			buildSettings = {
				ALWAYS_EMBED_SWIFT_STANDARD_LIBRARIES = YES;
				ALWAYS_SEARCH_USER_PATHS = NO;
				CLANG_ANALYZER_LOCALIZABILITY_NONLOCALIZED = YES;
				CLANG_CXX_LANGUAGE_STANDARD = "gnu++0x";
				CLANG_CXX_LIBRARY = "libc++";
				CLANG_ENABLE_MODULES = YES;
				CLANG_ENABLE_OBJC_ARC = YES;
				CLANG_WARN_BLOCK_CAPTURE_AUTORELEASING = YES;
				CLANG_WARN_BOOL_CONVERSION = YES;
				CLANG_WARN_COMMA = YES;
				CLANG_WARN_CONSTANT_CONVERSION = YES;
				CLANG_WARN_DEPRECATED_OBJC_IMPLEMENTATIONS = YES;
				CLANG_WARN_DIRECT_OBJC_ISA_USAGE = YES_ERROR;
				CLANG_WARN_EMPTY_BODY = YES;
				CLANG_WARN_ENUM_CONVERSION = YES;
				CLANG_WARN_INFINITE_RECURSION = YES;
				CLANG_WARN_INT_CONVERSION = YES;
				CLANG_WARN_NON_LITERAL_NULL_CONVERSION = YES;
				CLANG_WARN_OBJC_IMPLICIT_RETAIN_SELF = YES;
				CLANG_WARN_OBJC_LITERAL_CONVERSION = YES;
				CLANG_WARN_OBJC_ROOT_CLASS = YES_ERROR;
				CLANG_WARN_RANGE_LOOP_ANALYSIS = YES;
				CLANG_WARN_STRICT_PROTOTYPES = YES;
				CLANG_WARN_SUSPICIOUS_MOVE = YES;
				CLANG_WARN_UNREACHABLE_CODE = YES;
				CLANG_WARN__DUPLICATE_METHOD_MATCH = YES;
				CODE_SIGN_IDENTITY = "";
				"CODE_SIGN_IDENTITY[sdk=iphoneos*]" = "";
				COPY_PHASE_STRIP = NO;
				DEBUG_INFORMATION_FORMAT = "dwarf-with-dsym";
				ENABLE_BITCODE = YES;
				ENABLE_NS_ASSERTIONS = NO;
				ENABLE_STRICT_OBJC_MSGSEND = YES;
				GCC_C_LANGUAGE_STANDARD = gnu99;
				GCC_NO_COMMON_BLOCKS = YES;
				GCC_WARN_64_TO_32_BIT_CONVERSION = YES;
				GCC_WARN_ABOUT_RETURN_TYPE = YES_ERROR;
				GCC_WARN_UNDECLARED_SELECTOR = YES;
				GCC_WARN_UNINITIALIZED_AUTOS = YES_AGGRESSIVE;
				GCC_WARN_UNUSED_FUNCTION = YES;
				GCC_WARN_UNUSED_VARIABLE = YES;
				IPHONEOS_DEPLOYMENT_TARGET = 8.0;
				MTL_ENABLE_DEBUG_INFO = NO;
				PROVISIONING_PROFILE = "99b34085-4ac1-406f-94c7-b9141aaabd63";
				SDKROOT = iphoneos;
				SWIFT_COMPILATION_MODE = wholemodule;
				TARGETED_DEVICE_FAMILY = "1,2";
				VALIDATE_PRODUCT = YES;
			};
			name = Release;
		};
		654DF8B31C5F3EE400299EF3 /* Debug */ = {
			isa = XCBuildConfiguration;
			buildSettings = {
				ALWAYS_EMBED_SWIFT_STANDARD_LIBRARIES = YES;
				ASSETCATALOG_COMPILER_APPICON_NAME = AppIcon;
				CLANG_ALLOW_NON_MODULAR_INCLUDES_IN_FRAMEWORK_MODULES = NO;
				CLANG_ENABLE_MODULES = YES;
				CODE_SIGN_IDENTITY = "iPhone Developer";
				"CODE_SIGN_IDENTITY[sdk=iphoneos*]" = "iPhone Developer";
				CURRENT_PROJECT_VERSION = 1;
				DEVELOPMENT_TEAM = VVYWH469LG;
				ENABLE_BITCODE = NO;
				FRAMEWORK_SEARCH_PATHS = (
					"$(inherited)",
					"$(PROJECT_DIR)/SkylinkSample",
				);
				GCC_PRECOMPILE_PREFIX_HEADER = YES;
				GCC_PREFIX_HEADER = "$(PROJECT_DIR)/SkylinkSample/PrefixHeader.pch";
				GCC_PREPROCESSOR_DEFINITIONS = (
					"$(inherited)",
					"COCOAPODS=1",
				);
				INFOPLIST_FILE = SkylinkSample/Info.plist;
				IPHONEOS_DEPLOYMENT_TARGET = 9.0;
				LD_RUNPATH_SEARCH_PATHS = "$(inherited) @executable_path/Frameworks";
				MARKETING_VERSION = 2.1.0;
				PRODUCT_BUNDLE_IDENTIFIER = Temasys.SampleApp.objc;
				PRODUCT_NAME = "$(TARGET_NAME)";
				PROVISIONING_PROFILE = "";
				PROVISIONING_PROFILE_SPECIFIER = "";
				SWIFT_OBJC_BRIDGING_HEADER = "SkylinkSample/SkylinkSample-Bridging-Header.h";
				SWIFT_OPTIMIZATION_LEVEL = "-Onone";
				SWIFT_VERSION = 5.0;
				TARGETED_DEVICE_FAMILY = "1,2";
			};
			name = Debug;
		};
		654DF8B41C5F3EE400299EF3 /* Release */ = {
			isa = XCBuildConfiguration;
			buildSettings = {
				ALWAYS_EMBED_SWIFT_STANDARD_LIBRARIES = YES;
				ASSETCATALOG_COMPILER_APPICON_NAME = AppIcon;
				CLANG_ALLOW_NON_MODULAR_INCLUDES_IN_FRAMEWORK_MODULES = NO;
				CLANG_ENABLE_MODULES = YES;
				CODE_SIGN_IDENTITY = "iPhone Developer";
				"CODE_SIGN_IDENTITY[sdk=iphoneos*]" = "iPhone Developer";
				CURRENT_PROJECT_VERSION = 1;
				DEVELOPMENT_TEAM = VVYWH469LG;
				ENABLE_BITCODE = NO;
				FRAMEWORK_SEARCH_PATHS = (
					"$(inherited)",
					"$(PROJECT_DIR)/SkylinkSample",
				);
				GCC_PRECOMPILE_PREFIX_HEADER = YES;
				GCC_PREFIX_HEADER = "$(PROJECT_DIR)/SkylinkSample/PrefixHeader.pch";
				INFOPLIST_FILE = SkylinkSample/Info.plist;
				IPHONEOS_DEPLOYMENT_TARGET = 9.0;
				LD_RUNPATH_SEARCH_PATHS = "$(inherited) @executable_path/Frameworks";
				MARKETING_VERSION = 2.1.0;
				PRODUCT_BUNDLE_IDENTIFIER = Temasys.SampleApp.objc;
				PRODUCT_NAME = "$(TARGET_NAME)";
				PROVISIONING_PROFILE = "";
				PROVISIONING_PROFILE_SPECIFIER = "";
				SWIFT_OBJC_BRIDGING_HEADER = "SkylinkSample/SkylinkSample-Bridging-Header.h";
				SWIFT_VERSION = 5.0;
				TARGETED_DEVICE_FAMILY = "1,2";
			};
			name = Release;
		};
/* End XCBuildConfiguration section */

/* Begin XCConfigurationList section */
		654DF8961C5F3EE400299EF3 /* Build configuration list for PBXProject "SkylinkSample" */ = {
			isa = XCConfigurationList;
			buildConfigurations = (
				654DF8B01C5F3EE400299EF3 /* Debug */,
				654DF8B11C5F3EE400299EF3 /* Release */,
			);
			defaultConfigurationIsVisible = 0;
			defaultConfigurationName = Release;
		};
		654DF8B21C5F3EE400299EF3 /* Build configuration list for PBXNativeTarget "SkylinkSample" */ = {
			isa = XCConfigurationList;
			buildConfigurations = (
				654DF8B31C5F3EE400299EF3 /* Debug */,
				654DF8B41C5F3EE400299EF3 /* Release */,
			);
			defaultConfigurationIsVisible = 0;
			defaultConfigurationName = Release;
		};
/* End XCConfigurationList section */
	};
	rootObject = 654DF8931C5F3EE400299EF3 /* Project object */;
}
