// !$*UTF8*$!
{
	archiveVersion = 1;
	classes = {
	};
	objectVersion = 46;
	objects = {

/* Begin PBXBuildFile section */
		199224CA786347262554CBE1 /* libPods-SampleAppSwift.a in Frameworks */ = {isa = PBXBuildFile; fileRef = 76B74D8F706B74A7A24F43F7 /* libPods-SampleAppSwift.a */; };
		21CCE8B11B4FA6BE000A23E4 /* switch_camera.png in Resources */ = {isa = PBXBuildFile; fileRef = 21CCE8B01B4FA6BE000A23E4 /* switch_camera.png */; };
		5233AB651AA82CB200B70E19 /* bubble.png in Resources */ = {isa = PBXBuildFile; fileRef = 5233AB0C1AA82CB200B70E19 /* bubble.png */; };
		5233AB661AA82CB200B70E19 /* bubble@2x.png in Resources */ = {isa = PBXBuildFile; fileRef = 5233AB0D1AA82CB200B70E19 /* bubble@2x.png */; };
		5233AB671AA82CB200B70E19 /* bubble_min.png in Resources */ = {isa = PBXBuildFile; fileRef = 5233AB0E1AA82CB200B70E19 /* bubble_min.png */; };
		5233AB681AA82CB200B70E19 /* bubble_min@2x.png in Resources */ = {isa = PBXBuildFile; fileRef = 5233AB0F1AA82CB200B70E19 /* bubble_min@2x.png */; };
		5233AB691AA82CB200B70E19 /* bubble_min_tailless.png in Resources */ = {isa = PBXBuildFile; fileRef = 5233AB101AA82CB200B70E19 /* bubble_min_tailless.png */; };
		5233AB6A1AA82CB200B70E19 /* bubble_min_tailless@2x.png in Resources */ = {isa = PBXBuildFile; fileRef = 5233AB111AA82CB200B70E19 /* bubble_min_tailless@2x.png */; };
		5233AB6B1AA82CB200B70E19 /* bubble_stroked.png in Resources */ = {isa = PBXBuildFile; fileRef = 5233AB121AA82CB200B70E19 /* bubble_stroked.png */; };
		5233AB6C1AA82CB200B70E19 /* bubble_stroked@2x.png in Resources */ = {isa = PBXBuildFile; fileRef = 5233AB131AA82CB200B70E19 /* bubble_stroked@2x.png */; };
		5233AB6D1AA82CB200B70E19 /* bubble_stroked_tailless.png in Resources */ = {isa = PBXBuildFile; fileRef = 5233AB141AA82CB200B70E19 /* bubble_stroked_tailless.png */; };
		5233AB6E1AA82CB200B70E19 /* bubble_stroked_tailless@2x.png in Resources */ = {isa = PBXBuildFile; fileRef = 5233AB151AA82CB200B70E19 /* bubble_stroked_tailless@2x.png */; };
		5233AB6F1AA82CB200B70E19 /* bubble_tailless.png in Resources */ = {isa = PBXBuildFile; fileRef = 5233AB161AA82CB200B70E19 /* bubble_tailless.png */; };
		5233AB701AA82CB200B70E19 /* bubble_tailless@2x.png in Resources */ = {isa = PBXBuildFile; fileRef = 5233AB171AA82CB200B70E19 /* bubble_tailless@2x.png */; };
		5233AB711AA82CB200B70E19 /* camera.png in Resources */ = {isa = PBXBuildFile; fileRef = 5233AB181AA82CB200B70E19 /* camera.png */; };
		5233AB721AA82CB200B70E19 /* camera@2x.png in Resources */ = {isa = PBXBuildFile; fileRef = 5233AB191AA82CB200B70E19 /* camera@2x.png */; };
		5233AB731AA82CB200B70E19 /* typing.png in Resources */ = {isa = PBXBuildFile; fileRef = 5233AB1A1AA82CB200B70E19 /* typing.png */; };
		5233AB741AA82CB200B70E19 /* typing@2x.png in Resources */ = {isa = PBXBuildFile; fileRef = 5233AB1B1AA82CB200B70E19 /* typing@2x.png */; };
		5233AB751AA82CB200B70E19 /* message_received.aiff in Resources */ = {isa = PBXBuildFile; fileRef = 5233AB1D1AA82CB200B70E19 /* message_received.aiff */; };
		5233AB761AA82CB200B70E19 /* message_sent.aiff in Resources */ = {isa = PBXBuildFile; fileRef = 5233AB1E1AA82CB200B70E19 /* message_sent.aiff */; };
		5233AB771AA82CB200B70E19 /* JSQSystemSoundPlayer+JSQMessages.m in Sources */ = {isa = PBXBuildFile; fileRef = 5233AB211AA82CB200B70E19 /* JSQSystemSoundPlayer+JSQMessages.m */; };
		5233AB781AA82CB200B70E19 /* NSString+JSQMessages.m in Sources */ = {isa = PBXBuildFile; fileRef = 5233AB231AA82CB200B70E19 /* NSString+JSQMessages.m */; };
		5233AB791AA82CB200B70E19 /* UIColor+JSQMessages.m in Sources */ = {isa = PBXBuildFile; fileRef = 5233AB251AA82CB200B70E19 /* UIColor+JSQMessages.m */; };
		5233AB7A1AA82CB200B70E19 /* UIImage+JSQMessages.m in Sources */ = {isa = PBXBuildFile; fileRef = 5233AB271AA82CB200B70E19 /* UIImage+JSQMessages.m */; };
		5233AB7B1AA82CB200B70E19 /* UIView+JSQMessages.m in Sources */ = {isa = PBXBuildFile; fileRef = 5233AB291AA82CB200B70E19 /* UIView+JSQMessages.m */; };
		5233AB7C1AA82CB200B70E19 /* JSQMessagesKeyboardController.m in Sources */ = {isa = PBXBuildFile; fileRef = 5233AB2C1AA82CB200B70E19 /* JSQMessagesKeyboardController.m */; };
		5233AB7D1AA82CB200B70E19 /* JSQMessagesViewController.m in Sources */ = {isa = PBXBuildFile; fileRef = 5233AB2E1AA82CB200B70E19 /* JSQMessagesViewController.m */; };
		5233AB7E1AA82CB200B70E19 /* JSQMessagesViewController.xib in Resources */ = {isa = PBXBuildFile; fileRef = 5233AB2F1AA82CB200B70E19 /* JSQMessagesViewController.xib */; };
		5233AB7F1AA82CB200B70E19 /* JSQMessagesAvatarFactory.m in Sources */ = {isa = PBXBuildFile; fileRef = 5233AB321AA82CB200B70E19 /* JSQMessagesAvatarFactory.m */; };
		5233AB801AA82CB200B70E19 /* JSQMessagesBubbleImageFactory.m in Sources */ = {isa = PBXBuildFile; fileRef = 5233AB341AA82CB200B70E19 /* JSQMessagesBubbleImageFactory.m */; };
		5233AB811AA82CB200B70E19 /* JSQMessagesTimestampFormatter.m in Sources */ = {isa = PBXBuildFile; fileRef = 5233AB361AA82CB200B70E19 /* JSQMessagesTimestampFormatter.m */; };
		5233AB821AA82CB200B70E19 /* JSQMessagesToolbarButtonFactory.m in Sources */ = {isa = PBXBuildFile; fileRef = 5233AB381AA82CB200B70E19 /* JSQMessagesToolbarButtonFactory.m */; };
		5233AB831AA82CB200B70E19 /* JSQMessagesCollectionViewFlowLayout.m in Sources */ = {isa = PBXBuildFile; fileRef = 5233AB3C1AA82CB200B70E19 /* JSQMessagesCollectionViewFlowLayout.m */; };
		5233AB841AA82CB200B70E19 /* JSQMessagesCollectionViewFlowLayoutInvalidationContext.m in Sources */ = {isa = PBXBuildFile; fileRef = 5233AB3E1AA82CB200B70E19 /* JSQMessagesCollectionViewFlowLayoutInvalidationContext.m */; };
		5233AB851AA82CB200B70E19 /* JSQMessagesCollectionViewLayoutAttributes.m in Sources */ = {isa = PBXBuildFile; fileRef = 5233AB401AA82CB200B70E19 /* JSQMessagesCollectionViewLayoutAttributes.m */; };
		5233AB861AA82CB200B70E19 /* JSQMessage.m in Sources */ = {isa = PBXBuildFile; fileRef = 5233AB431AA82CB200B70E19 /* JSQMessage.m */; };
		5233AB871AA82CB200B70E19 /* JSQMessagesCollectionView.m in Sources */ = {isa = PBXBuildFile; fileRef = 5233AB491AA82CB200B70E19 /* JSQMessagesCollectionView.m */; };
		5233AB881AA82CB200B70E19 /* JSQMessagesCollectionViewCell.m in Sources */ = {isa = PBXBuildFile; fileRef = 5233AB4B1AA82CB200B70E19 /* JSQMessagesCollectionViewCell.m */; };
		5233AB891AA82CB200B70E19 /* JSQMessagesCollectionViewCellIncoming.m in Sources */ = {isa = PBXBuildFile; fileRef = 5233AB4D1AA82CB200B70E19 /* JSQMessagesCollectionViewCellIncoming.m */; };
		5233AB8A1AA82CB200B70E19 /* JSQMessagesCollectionViewCellIncoming.xib in Resources */ = {isa = PBXBuildFile; fileRef = 5233AB4E1AA82CB200B70E19 /* JSQMessagesCollectionViewCellIncoming.xib */; };
		5233AB8B1AA82CB200B70E19 /* JSQMessagesCollectionViewCellOutgoing.m in Sources */ = {isa = PBXBuildFile; fileRef = 5233AB501AA82CB200B70E19 /* JSQMessagesCollectionViewCellOutgoing.m */; };
		5233AB8C1AA82CB200B70E19 /* JSQMessagesCollectionViewCellOutgoing.xib in Resources */ = {isa = PBXBuildFile; fileRef = 5233AB511AA82CB200B70E19 /* JSQMessagesCollectionViewCellOutgoing.xib */; };
		5233AB8D1AA82CB200B70E19 /* JSQMessagesComposerTextView.m in Sources */ = {isa = PBXBuildFile; fileRef = 5233AB531AA82CB200B70E19 /* JSQMessagesComposerTextView.m */; };
		5233AB8E1AA82CB200B70E19 /* JSQMessagesInputToolbar.m in Sources */ = {isa = PBXBuildFile; fileRef = 5233AB551AA82CB200B70E19 /* JSQMessagesInputToolbar.m */; };
		5233AB8F1AA82CB200B70E19 /* JSQMessagesLabel.m in Sources */ = {isa = PBXBuildFile; fileRef = 5233AB571AA82CB200B70E19 /* JSQMessagesLabel.m */; };
		5233AB901AA82CB200B70E19 /* JSQMessagesLoadEarlierHeaderView.m in Sources */ = {isa = PBXBuildFile; fileRef = 5233AB591AA82CB200B70E19 /* JSQMessagesLoadEarlierHeaderView.m */; };
		5233AB911AA82CB200B70E19 /* JSQMessagesLoadEarlierHeaderView.xib in Resources */ = {isa = PBXBuildFile; fileRef = 5233AB5A1AA82CB200B70E19 /* JSQMessagesLoadEarlierHeaderView.xib */; };
		5233AB921AA82CB200B70E19 /* JSQMessagesToolbarContentView.m in Sources */ = {isa = PBXBuildFile; fileRef = 5233AB5C1AA82CB200B70E19 /* JSQMessagesToolbarContentView.m */; };
		5233AB931AA82CB200B70E19 /* JSQMessagesToolbarContentView.xib in Resources */ = {isa = PBXBuildFile; fileRef = 5233AB5D1AA82CB200B70E19 /* JSQMessagesToolbarContentView.xib */; };
		5233AB941AA82CB200B70E19 /* JSQMessagesTypingIndicatorFooterView.m in Sources */ = {isa = PBXBuildFile; fileRef = 5233AB5F1AA82CB200B70E19 /* JSQMessagesTypingIndicatorFooterView.m */; };
		5233AB951AA82CB200B70E19 /* JSQMessagesTypingIndicatorFooterView.xib in Resources */ = {isa = PBXBuildFile; fileRef = 5233AB601AA82CB200B70E19 /* JSQMessagesTypingIndicatorFooterView.xib */; };
		5233AB961AA82CB200B70E19 /* JSQSystemSoundPlayer.m in Sources */ = {isa = PBXBuildFile; fileRef = 5233AB641AA82CB200B70E19 /* JSQSystemSoundPlayer.m */; };
		5233ABA31AA82CEB00B70E19 /* JSQDemoViewController.m in Sources */ = {isa = PBXBuildFile; fileRef = 5233AB9A1AA82CEB00B70E19 /* JSQDemoViewController.m */; };
		5233ABA41AA82CEB00B70E19 /* TEMFilePickerController.m in Sources */ = {isa = PBXBuildFile; fileRef = 5233AB9C1AA82CEB00B70E19 /* TEMFilePickerController.m */; };
		5233ABA51AA82CEB00B70E19 /* TEMFilePickerController.xib in Resources */ = {isa = PBXBuildFile; fileRef = 5233AB9D1AA82CEB00B70E19 /* TEMFilePickerController.xib */; };
		5233ABA61AA82CEB00B70E19 /* TEMPresenceNavigationController.m in Sources */ = {isa = PBXBuildFile; fileRef = 5233AB9F1AA82CEB00B70E19 /* TEMPresenceNavigationController.m */; };
		5233ABA71AA82CEB00B70E19 /* TEMPresenceTableViewController.m in Sources */ = {isa = PBXBuildFile; fileRef = 5233ABA11AA82CEB00B70E19 /* TEMPresenceTableViewController.m */; };
		5233ABA81AA82CEB00B70E19 /* TEMPresenceTableViewController.xib in Resources */ = {isa = PBXBuildFile; fileRef = 5233ABA21AA82CEB00B70E19 /* TEMPresenceTableViewController.xib */; };
		523572531AA96DCD00149BEC /* TEMObjCBridge.m in Sources */ = {isa = PBXBuildFile; fileRef = 523572521AA96DCD00149BEC /* TEMObjCBridge.m */; };
		52387A721AA6B93E0085FA5C /* disable_audio.png in Resources */ = {isa = PBXBuildFile; fileRef = 52387A6E1AA6B93E0085FA5C /* disable_audio.png */; };
		52387A731AA6B93E0085FA5C /* disable_camera.png in Resources */ = {isa = PBXBuildFile; fileRef = 52387A6F1AA6B93E0085FA5C /* disable_camera.png */; };
		52387A741AA6B93E0085FA5C /* enable_audio.png in Resources */ = {isa = PBXBuildFile; fileRef = 52387A701AA6B93E0085FA5C /* enable_audio.png */; };
		52387A751AA6B93E0085FA5C /* enable_camera.png in Resources */ = {isa = PBXBuildFile; fileRef = 52387A711AA6B93E0085FA5C /* enable_camera.png */; };
		5240CC451AF7634F00A9941B /* lock.png in Resources */ = {isa = PBXBuildFile; fileRef = 5240CC431AF7634F00A9941B /* lock.png */; };
		5240CC461AF7634F00A9941B /* unlock.png in Resources */ = {isa = PBXBuildFile; fileRef = 5240CC441AF7634F00A9941B /* unlock.png */; };
		5252C1AF1AFC612D0022C313 /* TEMVideoView.swift in Sources */ = {isa = PBXBuildFile; fileRef = 5252C1AE1AFC612D0022C313 /* TEMVideoView.swift */; };
		5252C1B11AFC9A1C0022C313 /* TEMRichVideoView.swift in Sources */ = {isa = PBXBuildFile; fileRef = 5252C1B01AFC9A1C0022C313 /* TEMRichVideoView.swift */; };
		52A6761E1AA410F600C41DEA /* TEMProgressView.m in Sources */ = {isa = PBXBuildFile; fileRef = 52A6761D1AA410F600C41DEA /* TEMProgressView.m */; };
		52F0D8CD1A9F0753000A5427 /* AppDelegate.swift in Sources */ = {isa = PBXBuildFile; fileRef = 52F0D8CC1A9F0753000A5427 /* AppDelegate.swift */; };
		52F0D8CF1A9F0753000A5427 /* ViewController.swift in Sources */ = {isa = PBXBuildFile; fileRef = 52F0D8CE1A9F0753000A5427 /* ViewController.swift */; };
		52F0D8D21A9F0753000A5427 /* Main.storyboard in Resources */ = {isa = PBXBuildFile; fileRef = 52F0D8D01A9F0753000A5427 /* Main.storyboard */; };
		52F0D8D41A9F0753000A5427 /* Images.xcassets in Resources */ = {isa = PBXBuildFile; fileRef = 52F0D8D31A9F0753000A5427 /* Images.xcassets */; };
		52F0D8D71A9F0753000A5427 /* LaunchScreen.xib in Resources */ = {isa = PBXBuildFile; fileRef = 52F0D8D51A9F0753000A5427 /* LaunchScreen.xib */; };
		52F0D8EE1A9F31A8000A5427 /* RoomViewController.swift in Sources */ = {isa = PBXBuildFile; fileRef = 52F0D8EC1A9F31A8000A5427 /* RoomViewController.swift */; };
		52F0D8EF1A9F31A8000A5427 /* RoomViewController.xib in Resources */ = {isa = PBXBuildFile; fileRef = 52F0D8ED1A9F31A8000A5427 /* RoomViewController.xib */; };
/* End PBXBuildFile section */

/* Begin PBXFileReference section */
		21CCE8B01B4FA6BE000A23E4 /* switch_camera.png */ = {isa = PBXFileReference; lastKnownFileType = image.png; path = switch_camera.png; sourceTree = "<group>"; };
		5230F1581AA01B65003CC581 /* SKYLINK-Bridging-Header.h */ = {isa = PBXFileReference; fileEncoding = 4; lastKnownFileType = sourcecode.c.h; path = "SKYLINK-Bridging-Header.h"; sourceTree = "<group>"; };
		5233AB0C1AA82CB200B70E19 /* bubble.png */ = {isa = PBXFileReference; lastKnownFileType = image.png; path = bubble.png; sourceTree = "<group>"; };
		5233AB0D1AA82CB200B70E19 /* bubble@2x.png */ = {isa = PBXFileReference; lastKnownFileType = image.png; path = "bubble@2x.png"; sourceTree = "<group>"; };
		5233AB0E1AA82CB200B70E19 /* bubble_min.png */ = {isa = PBXFileReference; lastKnownFileType = image.png; path = bubble_min.png; sourceTree = "<group>"; };
		5233AB0F1AA82CB200B70E19 /* bubble_min@2x.png */ = {isa = PBXFileReference; lastKnownFileType = image.png; path = "bubble_min@2x.png"; sourceTree = "<group>"; };
		5233AB101AA82CB200B70E19 /* bubble_min_tailless.png */ = {isa = PBXFileReference; lastKnownFileType = image.png; path = bubble_min_tailless.png; sourceTree = "<group>"; };
		5233AB111AA82CB200B70E19 /* bubble_min_tailless@2x.png */ = {isa = PBXFileReference; lastKnownFileType = image.png; path = "bubble_min_tailless@2x.png"; sourceTree = "<group>"; };
		5233AB121AA82CB200B70E19 /* bubble_stroked.png */ = {isa = PBXFileReference; lastKnownFileType = image.png; path = bubble_stroked.png; sourceTree = "<group>"; };
		5233AB131AA82CB200B70E19 /* bubble_stroked@2x.png */ = {isa = PBXFileReference; lastKnownFileType = image.png; path = "bubble_stroked@2x.png"; sourceTree = "<group>"; };
		5233AB141AA82CB200B70E19 /* bubble_stroked_tailless.png */ = {isa = PBXFileReference; lastKnownFileType = image.png; path = bubble_stroked_tailless.png; sourceTree = "<group>"; };
		5233AB151AA82CB200B70E19 /* bubble_stroked_tailless@2x.png */ = {isa = PBXFileReference; lastKnownFileType = image.png; path = "bubble_stroked_tailless@2x.png"; sourceTree = "<group>"; };
		5233AB161AA82CB200B70E19 /* bubble_tailless.png */ = {isa = PBXFileReference; lastKnownFileType = image.png; path = bubble_tailless.png; sourceTree = "<group>"; };
		5233AB171AA82CB200B70E19 /* bubble_tailless@2x.png */ = {isa = PBXFileReference; lastKnownFileType = image.png; path = "bubble_tailless@2x.png"; sourceTree = "<group>"; };
		5233AB181AA82CB200B70E19 /* camera.png */ = {isa = PBXFileReference; lastKnownFileType = image.png; path = camera.png; sourceTree = "<group>"; };
		5233AB191AA82CB200B70E19 /* camera@2x.png */ = {isa = PBXFileReference; lastKnownFileType = image.png; path = "camera@2x.png"; sourceTree = "<group>"; };
		5233AB1A1AA82CB200B70E19 /* typing.png */ = {isa = PBXFileReference; lastKnownFileType = image.png; path = typing.png; sourceTree = "<group>"; };
		5233AB1B1AA82CB200B70E19 /* typing@2x.png */ = {isa = PBXFileReference; lastKnownFileType = image.png; path = "typing@2x.png"; sourceTree = "<group>"; };
		5233AB1D1AA82CB200B70E19 /* message_received.aiff */ = {isa = PBXFileReference; lastKnownFileType = audio.aiff; path = message_received.aiff; sourceTree = "<group>"; };
		5233AB1E1AA82CB200B70E19 /* message_sent.aiff */ = {isa = PBXFileReference; lastKnownFileType = audio.aiff; path = message_sent.aiff; sourceTree = "<group>"; };
		5233AB201AA82CB200B70E19 /* JSQSystemSoundPlayer+JSQMessages.h */ = {isa = PBXFileReference; fileEncoding = 4; lastKnownFileType = sourcecode.c.h; path = "JSQSystemSoundPlayer+JSQMessages.h"; sourceTree = "<group>"; };
		5233AB211AA82CB200B70E19 /* JSQSystemSoundPlayer+JSQMessages.m */ = {isa = PBXFileReference; fileEncoding = 4; lastKnownFileType = sourcecode.c.objc; path = "JSQSystemSoundPlayer+JSQMessages.m"; sourceTree = "<group>"; };
		5233AB221AA82CB200B70E19 /* NSString+JSQMessages.h */ = {isa = PBXFileReference; fileEncoding = 4; lastKnownFileType = sourcecode.c.h; path = "NSString+JSQMessages.h"; sourceTree = "<group>"; };
		5233AB231AA82CB200B70E19 /* NSString+JSQMessages.m */ = {isa = PBXFileReference; fileEncoding = 4; lastKnownFileType = sourcecode.c.objc; path = "NSString+JSQMessages.m"; sourceTree = "<group>"; };
		5233AB241AA82CB200B70E19 /* UIColor+JSQMessages.h */ = {isa = PBXFileReference; fileEncoding = 4; lastKnownFileType = sourcecode.c.h; path = "UIColor+JSQMessages.h"; sourceTree = "<group>"; };
		5233AB251AA82CB200B70E19 /* UIColor+JSQMessages.m */ = {isa = PBXFileReference; fileEncoding = 4; lastKnownFileType = sourcecode.c.objc; path = "UIColor+JSQMessages.m"; sourceTree = "<group>"; };
		5233AB261AA82CB200B70E19 /* UIImage+JSQMessages.h */ = {isa = PBXFileReference; fileEncoding = 4; lastKnownFileType = sourcecode.c.h; path = "UIImage+JSQMessages.h"; sourceTree = "<group>"; };
		5233AB271AA82CB200B70E19 /* UIImage+JSQMessages.m */ = {isa = PBXFileReference; fileEncoding = 4; lastKnownFileType = sourcecode.c.objc; path = "UIImage+JSQMessages.m"; sourceTree = "<group>"; };
		5233AB281AA82CB200B70E19 /* UIView+JSQMessages.h */ = {isa = PBXFileReference; fileEncoding = 4; lastKnownFileType = sourcecode.c.h; path = "UIView+JSQMessages.h"; sourceTree = "<group>"; };
		5233AB291AA82CB200B70E19 /* UIView+JSQMessages.m */ = {isa = PBXFileReference; fileEncoding = 4; lastKnownFileType = sourcecode.c.objc; path = "UIView+JSQMessages.m"; sourceTree = "<group>"; };
		5233AB2B1AA82CB200B70E19 /* JSQMessagesKeyboardController.h */ = {isa = PBXFileReference; fileEncoding = 4; lastKnownFileType = sourcecode.c.h; path = JSQMessagesKeyboardController.h; sourceTree = "<group>"; };
		5233AB2C1AA82CB200B70E19 /* JSQMessagesKeyboardController.m */ = {isa = PBXFileReference; fileEncoding = 4; lastKnownFileType = sourcecode.c.objc; path = JSQMessagesKeyboardController.m; sourceTree = "<group>"; };
		5233AB2D1AA82CB200B70E19 /* JSQMessagesViewController.h */ = {isa = PBXFileReference; fileEncoding = 4; lastKnownFileType = sourcecode.c.h; path = JSQMessagesViewController.h; sourceTree = "<group>"; };
		5233AB2E1AA82CB200B70E19 /* JSQMessagesViewController.m */ = {isa = PBXFileReference; fileEncoding = 4; lastKnownFileType = sourcecode.c.objc; path = JSQMessagesViewController.m; sourceTree = "<group>"; };
		5233AB2F1AA82CB200B70E19 /* JSQMessagesViewController.xib */ = {isa = PBXFileReference; fileEncoding = 4; lastKnownFileType = file.xib; path = JSQMessagesViewController.xib; sourceTree = "<group>"; };
		5233AB311AA82CB200B70E19 /* JSQMessagesAvatarFactory.h */ = {isa = PBXFileReference; fileEncoding = 4; lastKnownFileType = sourcecode.c.h; path = JSQMessagesAvatarFactory.h; sourceTree = "<group>"; };
		5233AB321AA82CB200B70E19 /* JSQMessagesAvatarFactory.m */ = {isa = PBXFileReference; fileEncoding = 4; lastKnownFileType = sourcecode.c.objc; path = JSQMessagesAvatarFactory.m; sourceTree = "<group>"; };
		5233AB331AA82CB200B70E19 /* JSQMessagesBubbleImageFactory.h */ = {isa = PBXFileReference; fileEncoding = 4; lastKnownFileType = sourcecode.c.h; path = JSQMessagesBubbleImageFactory.h; sourceTree = "<group>"; };
		5233AB341AA82CB200B70E19 /* JSQMessagesBubbleImageFactory.m */ = {isa = PBXFileReference; fileEncoding = 4; lastKnownFileType = sourcecode.c.objc; path = JSQMessagesBubbleImageFactory.m; sourceTree = "<group>"; };
		5233AB351AA82CB200B70E19 /* JSQMessagesTimestampFormatter.h */ = {isa = PBXFileReference; fileEncoding = 4; lastKnownFileType = sourcecode.c.h; path = JSQMessagesTimestampFormatter.h; sourceTree = "<group>"; };
		5233AB361AA82CB200B70E19 /* JSQMessagesTimestampFormatter.m */ = {isa = PBXFileReference; fileEncoding = 4; lastKnownFileType = sourcecode.c.objc; path = JSQMessagesTimestampFormatter.m; sourceTree = "<group>"; };
		5233AB371AA82CB200B70E19 /* JSQMessagesToolbarButtonFactory.h */ = {isa = PBXFileReference; fileEncoding = 4; lastKnownFileType = sourcecode.c.h; path = JSQMessagesToolbarButtonFactory.h; sourceTree = "<group>"; };
		5233AB381AA82CB200B70E19 /* JSQMessagesToolbarButtonFactory.m */ = {isa = PBXFileReference; fileEncoding = 4; lastKnownFileType = sourcecode.c.objc; path = JSQMessagesToolbarButtonFactory.m; sourceTree = "<group>"; };
		5233AB391AA82CB200B70E19 /* JSQMessages.h */ = {isa = PBXFileReference; fileEncoding = 4; lastKnownFileType = sourcecode.c.h; path = JSQMessages.h; sourceTree = "<group>"; };
		5233AB3B1AA82CB200B70E19 /* JSQMessagesCollectionViewFlowLayout.h */ = {isa = PBXFileReference; fileEncoding = 4; lastKnownFileType = sourcecode.c.h; path = JSQMessagesCollectionViewFlowLayout.h; sourceTree = "<group>"; };
		5233AB3C1AA82CB200B70E19 /* JSQMessagesCollectionViewFlowLayout.m */ = {isa = PBXFileReference; fileEncoding = 4; lastKnownFileType = sourcecode.c.objc; path = JSQMessagesCollectionViewFlowLayout.m; sourceTree = "<group>"; };
		5233AB3D1AA82CB200B70E19 /* JSQMessagesCollectionViewFlowLayoutInvalidationContext.h */ = {isa = PBXFileReference; fileEncoding = 4; lastKnownFileType = sourcecode.c.h; path = JSQMessagesCollectionViewFlowLayoutInvalidationContext.h; sourceTree = "<group>"; };
		5233AB3E1AA82CB200B70E19 /* JSQMessagesCollectionViewFlowLayoutInvalidationContext.m */ = {isa = PBXFileReference; fileEncoding = 4; lastKnownFileType = sourcecode.c.objc; path = JSQMessagesCollectionViewFlowLayoutInvalidationContext.m; sourceTree = "<group>"; };
		5233AB3F1AA82CB200B70E19 /* JSQMessagesCollectionViewLayoutAttributes.h */ = {isa = PBXFileReference; fileEncoding = 4; lastKnownFileType = sourcecode.c.h; path = JSQMessagesCollectionViewLayoutAttributes.h; sourceTree = "<group>"; };
		5233AB401AA82CB200B70E19 /* JSQMessagesCollectionViewLayoutAttributes.m */ = {isa = PBXFileReference; fileEncoding = 4; lastKnownFileType = sourcecode.c.objc; path = JSQMessagesCollectionViewLayoutAttributes.m; sourceTree = "<group>"; };
		5233AB421AA82CB200B70E19 /* JSQMessage.h */ = {isa = PBXFileReference; fileEncoding = 4; lastKnownFileType = sourcecode.c.h; path = JSQMessage.h; sourceTree = "<group>"; };
		5233AB431AA82CB200B70E19 /* JSQMessage.m */ = {isa = PBXFileReference; fileEncoding = 4; lastKnownFileType = sourcecode.c.objc; path = JSQMessage.m; sourceTree = "<group>"; };
		5233AB441AA82CB200B70E19 /* JSQMessageData.h */ = {isa = PBXFileReference; fileEncoding = 4; lastKnownFileType = sourcecode.c.h; path = JSQMessageData.h; sourceTree = "<group>"; };
		5233AB451AA82CB200B70E19 /* JSQMessagesCollectionViewDataSource.h */ = {isa = PBXFileReference; fileEncoding = 4; lastKnownFileType = sourcecode.c.h; path = JSQMessagesCollectionViewDataSource.h; sourceTree = "<group>"; };
		5233AB461AA82CB200B70E19 /* JSQMessagesCollectionViewDelegateFlowLayout.h */ = {isa = PBXFileReference; fileEncoding = 4; lastKnownFileType = sourcecode.c.h; path = JSQMessagesCollectionViewDelegateFlowLayout.h; sourceTree = "<group>"; };
		5233AB481AA82CB200B70E19 /* JSQMessagesCollectionView.h */ = {isa = PBXFileReference; fileEncoding = 4; lastKnownFileType = sourcecode.c.h; path = JSQMessagesCollectionView.h; sourceTree = "<group>"; };
		5233AB491AA82CB200B70E19 /* JSQMessagesCollectionView.m */ = {isa = PBXFileReference; fileEncoding = 4; lastKnownFileType = sourcecode.c.objc; path = JSQMessagesCollectionView.m; sourceTree = "<group>"; };
		5233AB4A1AA82CB200B70E19 /* JSQMessagesCollectionViewCell.h */ = {isa = PBXFileReference; fileEncoding = 4; lastKnownFileType = sourcecode.c.h; path = JSQMessagesCollectionViewCell.h; sourceTree = "<group>"; };
		5233AB4B1AA82CB200B70E19 /* JSQMessagesCollectionViewCell.m */ = {isa = PBXFileReference; fileEncoding = 4; lastKnownFileType = sourcecode.c.objc; path = JSQMessagesCollectionViewCell.m; sourceTree = "<group>"; };
		5233AB4C1AA82CB200B70E19 /* JSQMessagesCollectionViewCellIncoming.h */ = {isa = PBXFileReference; fileEncoding = 4; lastKnownFileType = sourcecode.c.h; path = JSQMessagesCollectionViewCellIncoming.h; sourceTree = "<group>"; };
		5233AB4D1AA82CB200B70E19 /* JSQMessagesCollectionViewCellIncoming.m */ = {isa = PBXFileReference; fileEncoding = 4; lastKnownFileType = sourcecode.c.objc; path = JSQMessagesCollectionViewCellIncoming.m; sourceTree = "<group>"; };
		5233AB4E1AA82CB200B70E19 /* JSQMessagesCollectionViewCellIncoming.xib */ = {isa = PBXFileReference; fileEncoding = 4; lastKnownFileType = file.xib; path = JSQMessagesCollectionViewCellIncoming.xib; sourceTree = "<group>"; };
		5233AB4F1AA82CB200B70E19 /* JSQMessagesCollectionViewCellOutgoing.h */ = {isa = PBXFileReference; fileEncoding = 4; lastKnownFileType = sourcecode.c.h; path = JSQMessagesCollectionViewCellOutgoing.h; sourceTree = "<group>"; };
		5233AB501AA82CB200B70E19 /* JSQMessagesCollectionViewCellOutgoing.m */ = {isa = PBXFileReference; fileEncoding = 4; lastKnownFileType = sourcecode.c.objc; path = JSQMessagesCollectionViewCellOutgoing.m; sourceTree = "<group>"; };
		5233AB511AA82CB200B70E19 /* JSQMessagesCollectionViewCellOutgoing.xib */ = {isa = PBXFileReference; fileEncoding = 4; lastKnownFileType = file.xib; path = JSQMessagesCollectionViewCellOutgoing.xib; sourceTree = "<group>"; };
		5233AB521AA82CB200B70E19 /* JSQMessagesComposerTextView.h */ = {isa = PBXFileReference; fileEncoding = 4; lastKnownFileType = sourcecode.c.h; path = JSQMessagesComposerTextView.h; sourceTree = "<group>"; };
		5233AB531AA82CB200B70E19 /* JSQMessagesComposerTextView.m */ = {isa = PBXFileReference; fileEncoding = 4; lastKnownFileType = sourcecode.c.objc; path = JSQMessagesComposerTextView.m; sourceTree = "<group>"; };
		5233AB541AA82CB200B70E19 /* JSQMessagesInputToolbar.h */ = {isa = PBXFileReference; fileEncoding = 4; lastKnownFileType = sourcecode.c.h; path = JSQMessagesInputToolbar.h; sourceTree = "<group>"; };
		5233AB551AA82CB200B70E19 /* JSQMessagesInputToolbar.m */ = {isa = PBXFileReference; fileEncoding = 4; lastKnownFileType = sourcecode.c.objc; path = JSQMessagesInputToolbar.m; sourceTree = "<group>"; };
		5233AB561AA82CB200B70E19 /* JSQMessagesLabel.h */ = {isa = PBXFileReference; fileEncoding = 4; lastKnownFileType = sourcecode.c.h; path = JSQMessagesLabel.h; sourceTree = "<group>"; };
		5233AB571AA82CB200B70E19 /* JSQMessagesLabel.m */ = {isa = PBXFileReference; fileEncoding = 4; lastKnownFileType = sourcecode.c.objc; path = JSQMessagesLabel.m; sourceTree = "<group>"; };
		5233AB581AA82CB200B70E19 /* JSQMessagesLoadEarlierHeaderView.h */ = {isa = PBXFileReference; fileEncoding = 4; lastKnownFileType = sourcecode.c.h; path = JSQMessagesLoadEarlierHeaderView.h; sourceTree = "<group>"; };
		5233AB591AA82CB200B70E19 /* JSQMessagesLoadEarlierHeaderView.m */ = {isa = PBXFileReference; fileEncoding = 4; lastKnownFileType = sourcecode.c.objc; path = JSQMessagesLoadEarlierHeaderView.m; sourceTree = "<group>"; };
		5233AB5A1AA82CB200B70E19 /* JSQMessagesLoadEarlierHeaderView.xib */ = {isa = PBXFileReference; fileEncoding = 4; lastKnownFileType = file.xib; path = JSQMessagesLoadEarlierHeaderView.xib; sourceTree = "<group>"; };
		5233AB5B1AA82CB200B70E19 /* JSQMessagesToolbarContentView.h */ = {isa = PBXFileReference; fileEncoding = 4; lastKnownFileType = sourcecode.c.h; path = JSQMessagesToolbarContentView.h; sourceTree = "<group>"; };
		5233AB5C1AA82CB200B70E19 /* JSQMessagesToolbarContentView.m */ = {isa = PBXFileReference; fileEncoding = 4; lastKnownFileType = sourcecode.c.objc; path = JSQMessagesToolbarContentView.m; sourceTree = "<group>"; };
		5233AB5D1AA82CB200B70E19 /* JSQMessagesToolbarContentView.xib */ = {isa = PBXFileReference; fileEncoding = 4; lastKnownFileType = file.xib; path = JSQMessagesToolbarContentView.xib; sourceTree = "<group>"; };
		5233AB5E1AA82CB200B70E19 /* JSQMessagesTypingIndicatorFooterView.h */ = {isa = PBXFileReference; fileEncoding = 4; lastKnownFileType = sourcecode.c.h; path = JSQMessagesTypingIndicatorFooterView.h; sourceTree = "<group>"; };
		5233AB5F1AA82CB200B70E19 /* JSQMessagesTypingIndicatorFooterView.m */ = {isa = PBXFileReference; fileEncoding = 4; lastKnownFileType = sourcecode.c.objc; path = JSQMessagesTypingIndicatorFooterView.m; sourceTree = "<group>"; };
		5233AB601AA82CB200B70E19 /* JSQMessagesTypingIndicatorFooterView.xib */ = {isa = PBXFileReference; fileEncoding = 4; lastKnownFileType = file.xib; path = JSQMessagesTypingIndicatorFooterView.xib; sourceTree = "<group>"; };
		5233AB631AA82CB200B70E19 /* JSQSystemSoundPlayer.h */ = {isa = PBXFileReference; fileEncoding = 4; lastKnownFileType = sourcecode.c.h; path = JSQSystemSoundPlayer.h; sourceTree = "<group>"; };
		5233AB641AA82CB200B70E19 /* JSQSystemSoundPlayer.m */ = {isa = PBXFileReference; fileEncoding = 4; lastKnownFileType = sourcecode.c.objc; path = JSQSystemSoundPlayer.m; sourceTree = "<group>"; };
		5233AB991AA82CEB00B70E19 /* JSQDemoViewController.h */ = {isa = PBXFileReference; fileEncoding = 4; lastKnownFileType = sourcecode.c.h; path = JSQDemoViewController.h; sourceTree = "<group>"; };
		5233AB9A1AA82CEB00B70E19 /* JSQDemoViewController.m */ = {isa = PBXFileReference; fileEncoding = 4; lastKnownFileType = sourcecode.c.objc; path = JSQDemoViewController.m; sourceTree = "<group>"; };
		5233AB9B1AA82CEB00B70E19 /* TEMFilePickerController.h */ = {isa = PBXFileReference; fileEncoding = 4; lastKnownFileType = sourcecode.c.h; path = TEMFilePickerController.h; sourceTree = "<group>"; };
		5233AB9C1AA82CEB00B70E19 /* TEMFilePickerController.m */ = {isa = PBXFileReference; fileEncoding = 4; lastKnownFileType = sourcecode.c.objc; path = TEMFilePickerController.m; sourceTree = "<group>"; };
		5233AB9D1AA82CEB00B70E19 /* TEMFilePickerController.xib */ = {isa = PBXFileReference; fileEncoding = 4; lastKnownFileType = file.xib; path = TEMFilePickerController.xib; sourceTree = "<group>"; };
		5233AB9E1AA82CEB00B70E19 /* TEMPresenceNavigationController.h */ = {isa = PBXFileReference; fileEncoding = 4; lastKnownFileType = sourcecode.c.h; path = TEMPresenceNavigationController.h; sourceTree = "<group>"; };
		5233AB9F1AA82CEB00B70E19 /* TEMPresenceNavigationController.m */ = {isa = PBXFileReference; fileEncoding = 4; lastKnownFileType = sourcecode.c.objc; path = TEMPresenceNavigationController.m; sourceTree = "<group>"; };
		5233ABA01AA82CEB00B70E19 /* TEMPresenceTableViewController.h */ = {isa = PBXFileReference; fileEncoding = 4; lastKnownFileType = sourcecode.c.h; path = TEMPresenceTableViewController.h; sourceTree = "<group>"; };
		5233ABA11AA82CEB00B70E19 /* TEMPresenceTableViewController.m */ = {isa = PBXFileReference; fileEncoding = 4; lastKnownFileType = sourcecode.c.objc; path = TEMPresenceTableViewController.m; sourceTree = "<group>"; };
		5233ABA21AA82CEB00B70E19 /* TEMPresenceTableViewController.xib */ = {isa = PBXFileReference; fileEncoding = 4; lastKnownFileType = file.xib; path = TEMPresenceTableViewController.xib; sourceTree = "<group>"; };
		523572511AA96DCD00149BEC /* TEMObjCBridge.h */ = {isa = PBXFileReference; fileEncoding = 4; lastKnownFileType = sourcecode.c.h; path = TEMObjCBridge.h; sourceTree = "<group>"; };
		523572521AA96DCD00149BEC /* TEMObjCBridge.m */ = {isa = PBXFileReference; fileEncoding = 4; lastKnownFileType = sourcecode.c.objc; path = TEMObjCBridge.m; sourceTree = "<group>"; };
		52387A6E1AA6B93E0085FA5C /* disable_audio.png */ = {isa = PBXFileReference; lastKnownFileType = image.png; path = disable_audio.png; sourceTree = "<group>"; };
		52387A6F1AA6B93E0085FA5C /* disable_camera.png */ = {isa = PBXFileReference; lastKnownFileType = image.png; path = disable_camera.png; sourceTree = "<group>"; };
		52387A701AA6B93E0085FA5C /* enable_audio.png */ = {isa = PBXFileReference; lastKnownFileType = image.png; path = enable_audio.png; sourceTree = "<group>"; };
		52387A711AA6B93E0085FA5C /* enable_camera.png */ = {isa = PBXFileReference; lastKnownFileType = image.png; path = enable_camera.png; sourceTree = "<group>"; };
		5240CC431AF7634F00A9941B /* lock.png */ = {isa = PBXFileReference; lastKnownFileType = image.png; path = lock.png; sourceTree = "<group>"; };
		5240CC441AF7634F00A9941B /* unlock.png */ = {isa = PBXFileReference; lastKnownFileType = image.png; path = unlock.png; sourceTree = "<group>"; };
		5252C1AE1AFC612D0022C313 /* TEMVideoView.swift */ = {isa = PBXFileReference; fileEncoding = 4; lastKnownFileType = sourcecode.swift; path = TEMVideoView.swift; sourceTree = "<group>"; };
		5252C1B01AFC9A1C0022C313 /* TEMRichVideoView.swift */ = {isa = PBXFileReference; fileEncoding = 4; lastKnownFileType = sourcecode.swift; path = TEMRichVideoView.swift; sourceTree = "<group>"; };
		52A6761C1AA410F600C41DEA /* TEMProgressView.h */ = {isa = PBXFileReference; fileEncoding = 4; lastKnownFileType = sourcecode.c.h; path = TEMProgressView.h; sourceTree = "<group>"; };
		52A6761D1AA410F600C41DEA /* TEMProgressView.m */ = {isa = PBXFileReference; fileEncoding = 4; lastKnownFileType = sourcecode.c.objc; path = TEMProgressView.m; sourceTree = "<group>"; };
		52F0D8C71A9F0753000A5427 /* SampleAppSwift.app */ = {isa = PBXFileReference; explicitFileType = wrapper.application; includeInIndex = 0; path = SampleAppSwift.app; sourceTree = BUILT_PRODUCTS_DIR; };
		52F0D8CB1A9F0753000A5427 /* Info.plist */ = {isa = PBXFileReference; lastKnownFileType = text.plist.xml; path = Info.plist; sourceTree = "<group>"; };
		52F0D8CC1A9F0753000A5427 /* AppDelegate.swift */ = {isa = PBXFileReference; lastKnownFileType = sourcecode.swift; path = AppDelegate.swift; sourceTree = "<group>"; };
		52F0D8CE1A9F0753000A5427 /* ViewController.swift */ = {isa = PBXFileReference; lastKnownFileType = sourcecode.swift; path = ViewController.swift; sourceTree = "<group>"; };
		52F0D8D11A9F0753000A5427 /* Base */ = {isa = PBXFileReference; lastKnownFileType = file.storyboard; name = Base; path = Base.lproj/Main.storyboard; sourceTree = "<group>"; };
		52F0D8D31A9F0753000A5427 /* Images.xcassets */ = {isa = PBXFileReference; lastKnownFileType = folder.assetcatalog; path = Images.xcassets; sourceTree = "<group>"; };
		52F0D8D61A9F0753000A5427 /* Base */ = {isa = PBXFileReference; lastKnownFileType = file.xib; name = Base; path = Base.lproj/LaunchScreen.xib; sourceTree = "<group>"; };
		52F0D8E11A9F0753000A5427 /* Info.plist */ = {isa = PBXFileReference; lastKnownFileType = text.plist.xml; path = Info.plist; sourceTree = "<group>"; };
		52F0D8E21A9F0753000A5427 /* SampleAppSwiftTests.swift */ = {isa = PBXFileReference; lastKnownFileType = sourcecode.swift; path = SampleAppSwiftTests.swift; sourceTree = "<group>"; };
		52F0D8EC1A9F31A8000A5427 /* RoomViewController.swift */ = {isa = PBXFileReference; fileEncoding = 4; lastKnownFileType = sourcecode.swift; path = RoomViewController.swift; sourceTree = "<group>"; };
		52F0D8ED1A9F31A8000A5427 /* RoomViewController.xib */ = {isa = PBXFileReference; fileEncoding = 4; lastKnownFileType = file.xib; path = RoomViewController.xib; sourceTree = "<group>"; };
		6ECBC35E08E2E9C00677BAB9 /* Pods-SampleAppSwift.debug.xcconfig */ = {isa = PBXFileReference; includeInIndex = 1; lastKnownFileType = text.xcconfig; name = "Pods-SampleAppSwift.debug.xcconfig"; path = "Pods/Target Support Files/Pods-SampleAppSwift/Pods-SampleAppSwift.debug.xcconfig"; sourceTree = "<group>"; };
		76B74D8F706B74A7A24F43F7 /* libPods-SampleAppSwift.a */ = {isa = PBXFileReference; explicitFileType = archive.ar; includeInIndex = 0; path = "libPods-SampleAppSwift.a"; sourceTree = BUILT_PRODUCTS_DIR; };
		A6E97D5392F4B15D2706330B /* Pods-SampleAppSwift.release.xcconfig */ = {isa = PBXFileReference; includeInIndex = 1; lastKnownFileType = text.xcconfig; name = "Pods-SampleAppSwift.release.xcconfig"; path = "Pods/Target Support Files/Pods-SampleAppSwift/Pods-SampleAppSwift.release.xcconfig"; sourceTree = "<group>"; };
/* End PBXFileReference section */

/* Begin PBXFrameworksBuildPhase section */
		52F0D8C41A9F0753000A5427 /* Frameworks */ = {
			isa = PBXFrameworksBuildPhase;
			buildActionMask = 2147483647;
			files = (
				199224CA786347262554CBE1 /* libPods-SampleAppSwift.a in Frameworks */,
			);
			runOnlyForDeploymentPostprocessing = 0;
		};
/* End PBXFrameworksBuildPhase section */

/* Begin PBXGroup section */
		5233AB091AA82CB200B70E19 /* JSQMessagesViewController */ = {
			isa = PBXGroup;
			children = (
				5233AB0A1AA82CB200B70E19 /* Assets */,
				5233AB1F1AA82CB200B70E19 /* Categories */,
				5233AB2A1AA82CB200B70E19 /* Controllers */,
				5233AB301AA82CB200B70E19 /* Factories */,
				5233AB391AA82CB200B70E19 /* JSQMessages.h */,
				5233AB3A1AA82CB200B70E19 /* Layout */,
				5233AB411AA82CB200B70E19 /* Model */,
				5233AB471AA82CB200B70E19 /* Views */,
			);
			path = JSQMessagesViewController;
			sourceTree = "<group>";
		};
		5233AB0A1AA82CB200B70E19 /* Assets */ = {
			isa = PBXGroup;
			children = (
				5233AB0B1AA82CB200B70E19 /* Images */,
				5233AB1C1AA82CB200B70E19 /* Sounds */,
			);
			path = Assets;
			sourceTree = "<group>";
		};
		5233AB0B1AA82CB200B70E19 /* Images */ = {
			isa = PBXGroup;
			children = (
				5233AB0C1AA82CB200B70E19 /* bubble.png */,
				5233AB0D1AA82CB200B70E19 /* bubble@2x.png */,
				5233AB0E1AA82CB200B70E19 /* bubble_min.png */,
				5233AB0F1AA82CB200B70E19 /* bubble_min@2x.png */,
				5233AB101AA82CB200B70E19 /* bubble_min_tailless.png */,
				5233AB111AA82CB200B70E19 /* bubble_min_tailless@2x.png */,
				5233AB121AA82CB200B70E19 /* bubble_stroked.png */,
				5233AB131AA82CB200B70E19 /* bubble_stroked@2x.png */,
				5233AB141AA82CB200B70E19 /* bubble_stroked_tailless.png */,
				5233AB151AA82CB200B70E19 /* bubble_stroked_tailless@2x.png */,
				5233AB161AA82CB200B70E19 /* bubble_tailless.png */,
				5233AB171AA82CB200B70E19 /* bubble_tailless@2x.png */,
				5233AB181AA82CB200B70E19 /* camera.png */,
				5233AB191AA82CB200B70E19 /* camera@2x.png */,
				5233AB1A1AA82CB200B70E19 /* typing.png */,
				5233AB1B1AA82CB200B70E19 /* typing@2x.png */,
			);
			path = Images;
			sourceTree = "<group>";
		};
		5233AB1C1AA82CB200B70E19 /* Sounds */ = {
			isa = PBXGroup;
			children = (
				5233AB1D1AA82CB200B70E19 /* message_received.aiff */,
				5233AB1E1AA82CB200B70E19 /* message_sent.aiff */,
			);
			path = Sounds;
			sourceTree = "<group>";
		};
		5233AB1F1AA82CB200B70E19 /* Categories */ = {
			isa = PBXGroup;
			children = (
				5233AB201AA82CB200B70E19 /* JSQSystemSoundPlayer+JSQMessages.h */,
				5233AB211AA82CB200B70E19 /* JSQSystemSoundPlayer+JSQMessages.m */,
				5233AB221AA82CB200B70E19 /* NSString+JSQMessages.h */,
				5233AB231AA82CB200B70E19 /* NSString+JSQMessages.m */,
				5233AB241AA82CB200B70E19 /* UIColor+JSQMessages.h */,
				5233AB251AA82CB200B70E19 /* UIColor+JSQMessages.m */,
				5233AB261AA82CB200B70E19 /* UIImage+JSQMessages.h */,
				5233AB271AA82CB200B70E19 /* UIImage+JSQMessages.m */,
				5233AB281AA82CB200B70E19 /* UIView+JSQMessages.h */,
				5233AB291AA82CB200B70E19 /* UIView+JSQMessages.m */,
			);
			path = Categories;
			sourceTree = "<group>";
		};
		5233AB2A1AA82CB200B70E19 /* Controllers */ = {
			isa = PBXGroup;
			children = (
				5233AB2B1AA82CB200B70E19 /* JSQMessagesKeyboardController.h */,
				5233AB2C1AA82CB200B70E19 /* JSQMessagesKeyboardController.m */,
				5233AB2D1AA82CB200B70E19 /* JSQMessagesViewController.h */,
				5233AB2E1AA82CB200B70E19 /* JSQMessagesViewController.m */,
				5233AB2F1AA82CB200B70E19 /* JSQMessagesViewController.xib */,
			);
			path = Controllers;
			sourceTree = "<group>";
		};
		5233AB301AA82CB200B70E19 /* Factories */ = {
			isa = PBXGroup;
			children = (
				5233AB311AA82CB200B70E19 /* JSQMessagesAvatarFactory.h */,
				5233AB321AA82CB200B70E19 /* JSQMessagesAvatarFactory.m */,
				5233AB331AA82CB200B70E19 /* JSQMessagesBubbleImageFactory.h */,
				5233AB341AA82CB200B70E19 /* JSQMessagesBubbleImageFactory.m */,
				5233AB351AA82CB200B70E19 /* JSQMessagesTimestampFormatter.h */,
				5233AB361AA82CB200B70E19 /* JSQMessagesTimestampFormatter.m */,
				5233AB371AA82CB200B70E19 /* JSQMessagesToolbarButtonFactory.h */,
				5233AB381AA82CB200B70E19 /* JSQMessagesToolbarButtonFactory.m */,
			);
			path = Factories;
			sourceTree = "<group>";
		};
		5233AB3A1AA82CB200B70E19 /* Layout */ = {
			isa = PBXGroup;
			children = (
				5233AB3B1AA82CB200B70E19 /* JSQMessagesCollectionViewFlowLayout.h */,
				5233AB3C1AA82CB200B70E19 /* JSQMessagesCollectionViewFlowLayout.m */,
				5233AB3D1AA82CB200B70E19 /* JSQMessagesCollectionViewFlowLayoutInvalidationContext.h */,
				5233AB3E1AA82CB200B70E19 /* JSQMessagesCollectionViewFlowLayoutInvalidationContext.m */,
				5233AB3F1AA82CB200B70E19 /* JSQMessagesCollectionViewLayoutAttributes.h */,
				5233AB401AA82CB200B70E19 /* JSQMessagesCollectionViewLayoutAttributes.m */,
			);
			path = Layout;
			sourceTree = "<group>";
		};
		5233AB411AA82CB200B70E19 /* Model */ = {
			isa = PBXGroup;
			children = (
				5233AB421AA82CB200B70E19 /* JSQMessage.h */,
				5233AB431AA82CB200B70E19 /* JSQMessage.m */,
				5233AB441AA82CB200B70E19 /* JSQMessageData.h */,
				5233AB451AA82CB200B70E19 /* JSQMessagesCollectionViewDataSource.h */,
				5233AB461AA82CB200B70E19 /* JSQMessagesCollectionViewDelegateFlowLayout.h */,
			);
			path = Model;
			sourceTree = "<group>";
		};
		5233AB471AA82CB200B70E19 /* Views */ = {
			isa = PBXGroup;
			children = (
				5233AB481AA82CB200B70E19 /* JSQMessagesCollectionView.h */,
				5233AB491AA82CB200B70E19 /* JSQMessagesCollectionView.m */,
				5233AB4A1AA82CB200B70E19 /* JSQMessagesCollectionViewCell.h */,
				5233AB4B1AA82CB200B70E19 /* JSQMessagesCollectionViewCell.m */,
				5233AB4C1AA82CB200B70E19 /* JSQMessagesCollectionViewCellIncoming.h */,
				5233AB4D1AA82CB200B70E19 /* JSQMessagesCollectionViewCellIncoming.m */,
				5233AB4E1AA82CB200B70E19 /* JSQMessagesCollectionViewCellIncoming.xib */,
				5233AB4F1AA82CB200B70E19 /* JSQMessagesCollectionViewCellOutgoing.h */,
				5233AB501AA82CB200B70E19 /* JSQMessagesCollectionViewCellOutgoing.m */,
				5233AB511AA82CB200B70E19 /* JSQMessagesCollectionViewCellOutgoing.xib */,
				5233AB521AA82CB200B70E19 /* JSQMessagesComposerTextView.h */,
				5233AB531AA82CB200B70E19 /* JSQMessagesComposerTextView.m */,
				5233AB541AA82CB200B70E19 /* JSQMessagesInputToolbar.h */,
				5233AB551AA82CB200B70E19 /* JSQMessagesInputToolbar.m */,
				5233AB561AA82CB200B70E19 /* JSQMessagesLabel.h */,
				5233AB571AA82CB200B70E19 /* JSQMessagesLabel.m */,
				5233AB581AA82CB200B70E19 /* JSQMessagesLoadEarlierHeaderView.h */,
				5233AB591AA82CB200B70E19 /* JSQMessagesLoadEarlierHeaderView.m */,
				5233AB5A1AA82CB200B70E19 /* JSQMessagesLoadEarlierHeaderView.xib */,
				5233AB5B1AA82CB200B70E19 /* JSQMessagesToolbarContentView.h */,
				5233AB5C1AA82CB200B70E19 /* JSQMessagesToolbarContentView.m */,
				5233AB5D1AA82CB200B70E19 /* JSQMessagesToolbarContentView.xib */,
				5233AB5E1AA82CB200B70E19 /* JSQMessagesTypingIndicatorFooterView.h */,
				5233AB5F1AA82CB200B70E19 /* JSQMessagesTypingIndicatorFooterView.m */,
				5233AB601AA82CB200B70E19 /* JSQMessagesTypingIndicatorFooterView.xib */,
			);
			path = Views;
			sourceTree = "<group>";
		};
		5233AB611AA82CB200B70E19 /* JSQSystemSoundPlayer */ = {
			isa = PBXGroup;
			children = (
				5233AB621AA82CB200B70E19 /* Classes */,
			);
			path = JSQSystemSoundPlayer;
			sourceTree = "<group>";
		};
		5233AB621AA82CB200B70E19 /* Classes */ = {
			isa = PBXGroup;
			children = (
				5233AB631AA82CB200B70E19 /* JSQSystemSoundPlayer.h */,
				5233AB641AA82CB200B70E19 /* JSQSystemSoundPlayer.m */,
			);
			path = Classes;
			sourceTree = "<group>";
		};
		52387A6B1AA6B9290085FA5C /* Images */ = {
			isa = PBXGroup;
			children = (
				21CCE8B01B4FA6BE000A23E4 /* switch_camera.png */,
				52387A6E1AA6B93E0085FA5C /* disable_audio.png */,
				52387A6F1AA6B93E0085FA5C /* disable_camera.png */,
				52387A701AA6B93E0085FA5C /* enable_audio.png */,
				52387A711AA6B93E0085FA5C /* enable_camera.png */,
				5240CC431AF7634F00A9941B /* lock.png */,
				5240CC441AF7634F00A9941B /* unlock.png */,
			);
			name = Images;
			sourceTree = "<group>";
		};
		52F0D8BE1A9F0753000A5427 = {
			isa = PBXGroup;
			children = (
				52F0D8C81A9F0753000A5427 /* Products */,
				52F0D8C91A9F0753000A5427 /* SampleAppSwift */,
				52F0D8DF1A9F0753000A5427 /* SampleAppSwiftTests */,
				5BBD12783C1B84DA05A2F9F4 /* Pods */,
				DC73ECD3773E37DC0D673B3F /* Frameworks */,
			);
			sourceTree = "<group>";
		};
		52F0D8C81A9F0753000A5427 /* Products */ = {
			isa = PBXGroup;
			children = (
				52F0D8C71A9F0753000A5427 /* SampleAppSwift.app */,
			);
			name = Products;
			sourceTree = "<group>";
		};
		52F0D8C91A9F0753000A5427 /* SampleAppSwift */ = {
			isa = PBXGroup;
			children = (
				52387A6B1AA6B9290085FA5C /* Images */,
				5233AB091AA82CB200B70E19 /* JSQMessagesViewController */,
				5233AB611AA82CB200B70E19 /* JSQSystemSoundPlayer */,
				52F0D8CA1A9F0753000A5427 /* Supporting Files */,
				52F0D8CC1A9F0753000A5427 /* AppDelegate.swift */,
				52F0D8D31A9F0753000A5427 /* Images.xcassets */,
				5233AB991AA82CEB00B70E19 /* JSQDemoViewController.h */,
				5233AB9A1AA82CEB00B70E19 /* JSQDemoViewController.m */,
				52F0D8D51A9F0753000A5427 /* LaunchScreen.xib */,
				52F0D8D01A9F0753000A5427 /* Main.storyboard */,
				52F0D8EC1A9F31A8000A5427 /* RoomViewController.swift */,
				52F0D8ED1A9F31A8000A5427 /* RoomViewController.xib */,
				5230F1581AA01B65003CC581 /* SKYLINK-Bridging-Header.h */,
				5233AB9B1AA82CEB00B70E19 /* TEMFilePickerController.h */,
				5233AB9C1AA82CEB00B70E19 /* TEMFilePickerController.m */,
				5233AB9D1AA82CEB00B70E19 /* TEMFilePickerController.xib */,
				523572511AA96DCD00149BEC /* TEMObjCBridge.h */,
				523572521AA96DCD00149BEC /* TEMObjCBridge.m */,
				5233AB9E1AA82CEB00B70E19 /* TEMPresenceNavigationController.h */,
				5233AB9F1AA82CEB00B70E19 /* TEMPresenceNavigationController.m */,
				5233ABA01AA82CEB00B70E19 /* TEMPresenceTableViewController.h */,
				5233ABA11AA82CEB00B70E19 /* TEMPresenceTableViewController.m */,
				5233ABA21AA82CEB00B70E19 /* TEMPresenceTableViewController.xib */,
				52A6761C1AA410F600C41DEA /* TEMProgressView.h */,
				52A6761D1AA410F600C41DEA /* TEMProgressView.m */,
				5252C1B01AFC9A1C0022C313 /* TEMRichVideoView.swift */,
				5252C1AE1AFC612D0022C313 /* TEMVideoView.swift */,
				52F0D8CE1A9F0753000A5427 /* ViewController.swift */,
			);
			path = SampleAppSwift;
			sourceTree = "<group>";
		};
		52F0D8CA1A9F0753000A5427 /* Supporting Files */ = {
			isa = PBXGroup;
			children = (
				52F0D8CB1A9F0753000A5427 /* Info.plist */,
			);
			name = "Supporting Files";
			sourceTree = "<group>";
		};
		52F0D8DF1A9F0753000A5427 /* SampleAppSwiftTests */ = {
			isa = PBXGroup;
			children = (
				52F0D8E21A9F0753000A5427 /* SampleAppSwiftTests.swift */,
				52F0D8E01A9F0753000A5427 /* Supporting Files */,
			);
			path = SampleAppSwiftTests;
			sourceTree = "<group>";
		};
		52F0D8E01A9F0753000A5427 /* Supporting Files */ = {
			isa = PBXGroup;
			children = (
				52F0D8E11A9F0753000A5427 /* Info.plist */,
			);
			name = "Supporting Files";
			sourceTree = "<group>";
		};
		5BBD12783C1B84DA05A2F9F4 /* Pods */ = {
			isa = PBXGroup;
			children = (
				6ECBC35E08E2E9C00677BAB9 /* Pods-SampleAppSwift.debug.xcconfig */,
				A6E97D5392F4B15D2706330B /* Pods-SampleAppSwift.release.xcconfig */,
			);
			name = Pods;
			sourceTree = "<group>";
		};
		DC73ECD3773E37DC0D673B3F /* Frameworks */ = {
			isa = PBXGroup;
			children = (
				76B74D8F706B74A7A24F43F7 /* libPods-SampleAppSwift.a */,
			);
			name = Frameworks;
			sourceTree = "<group>";
		};
/* End PBXGroup section */

/* Begin PBXNativeTarget section */
		52F0D8C61A9F0753000A5427 /* SampleAppSwift */ = {
			isa = PBXNativeTarget;
			buildConfigurationList = 52F0D8E61A9F0753000A5427 /* Build configuration list for PBXNativeTarget "SampleAppSwift" */;
			buildPhases = (
				8717895243C47353804E7294 /* Check Pods Manifest.lock */,
				52F0D8C31A9F0753000A5427 /* Sources */,
				52F0D8C41A9F0753000A5427 /* Frameworks */,
				52F0D8C51A9F0753000A5427 /* Resources */,
				1063429A2F2E53627D527A54 /* Copy Pods Resources */,
			);
			buildRules = (
			);
			dependencies = (
			);
			name = SampleAppSwift;
			productName = SampleAppSwift;
			productReference = 52F0D8C71A9F0753000A5427 /* SampleAppSwift.app */;
			productType = "com.apple.product-type.application";
		};
/* End PBXNativeTarget section */

/* Begin PBXProject section */
		52F0D8BF1A9F0753000A5427 /* Project object */ = {
			isa = PBXProject;
			attributes = {
				LastUpgradeCheck = 0610;
				ORGANIZATIONNAME = "Temasys Communications";
				TargetAttributes = {
					52F0D8C61A9F0753000A5427 = {
						CreatedOnToolsVersion = 6.1;
						SystemCapabilities = {
							com.apple.BackgroundModes = {
								enabled = 1;
							};
						};
					};
				};
			};
			buildConfigurationList = 52F0D8C21A9F0753000A5427 /* Build configuration list for PBXProject "SampleAppSwift" */;
			compatibilityVersion = "Xcode 3.2";
			developmentRegion = English;
			hasScannedForEncodings = 0;
			knownRegions = (
				en,
				Base,
			);
			mainGroup = 52F0D8BE1A9F0753000A5427;
			productRefGroup = 52F0D8C81A9F0753000A5427 /* Products */;
			projectDirPath = "";
			projectRoot = "";
			targets = (
				52F0D8C61A9F0753000A5427 /* SampleAppSwift */,
			);
		};
/* End PBXProject section */

/* Begin PBXResourcesBuildPhase section */
		52F0D8C51A9F0753000A5427 /* Resources */ = {
			isa = PBXResourcesBuildPhase;
			buildActionMask = 2147483647;
			files = (
				5233AB6E1AA82CB200B70E19 /* bubble_stroked_tailless@2x.png in Resources */,
				5233AB951AA82CB200B70E19 /* JSQMessagesTypingIndicatorFooterView.xib in Resources */,
				5233AB711AA82CB200B70E19 /* camera.png in Resources */,
				52F0D8D21A9F0753000A5427 /* Main.storyboard in Resources */,
				52387A731AA6B93E0085FA5C /* disable_camera.png in Resources */,
				5233AB651AA82CB200B70E19 /* bubble.png in Resources */,
				5240CC451AF7634F00A9941B /* lock.png in Resources */,
				52F0D8D71A9F0753000A5427 /* LaunchScreen.xib in Resources */,
				5233ABA81AA82CEB00B70E19 /* TEMPresenceTableViewController.xib in Resources */,
				52387A751AA6B93E0085FA5C /* enable_camera.png in Resources */,
				5233AB681AA82CB200B70E19 /* bubble_min@2x.png in Resources */,
				52F0D8D41A9F0753000A5427 /* Images.xcassets in Resources */,
				5233AB691AA82CB200B70E19 /* bubble_min_tailless.png in Resources */,
				5233AB6A1AA82CB200B70E19 /* bubble_min_tailless@2x.png in Resources */,
				5233AB721AA82CB200B70E19 /* camera@2x.png in Resources */,
				5233AB931AA82CB200B70E19 /* JSQMessagesToolbarContentView.xib in Resources */,
				5233AB6C1AA82CB200B70E19 /* bubble_stroked@2x.png in Resources */,
				5233AB6F1AA82CB200B70E19 /* bubble_tailless.png in Resources */,
				52387A721AA6B93E0085FA5C /* disable_audio.png in Resources */,
				21CCE8B11B4FA6BE000A23E4 /* switch_camera.png in Resources */,
				5233AB8A1AA82CB200B70E19 /* JSQMessagesCollectionViewCellIncoming.xib in Resources */,
				5233AB751AA82CB200B70E19 /* message_received.aiff in Resources */,
				5233AB6B1AA82CB200B70E19 /* bubble_stroked.png in Resources */,
				52387A741AA6B93E0085FA5C /* enable_audio.png in Resources */,
				5233AB8C1AA82CB200B70E19 /* JSQMessagesCollectionViewCellOutgoing.xib in Resources */,
				5233AB701AA82CB200B70E19 /* bubble_tailless@2x.png in Resources */,
				5240CC461AF7634F00A9941B /* unlock.png in Resources */,
				5233AB661AA82CB200B70E19 /* bubble@2x.png in Resources */,
				5233AB7E1AA82CB200B70E19 /* JSQMessagesViewController.xib in Resources */,
				5233AB911AA82CB200B70E19 /* JSQMessagesLoadEarlierHeaderView.xib in Resources */,
				5233AB6D1AA82CB200B70E19 /* bubble_stroked_tailless.png in Resources */,
				5233AB731AA82CB200B70E19 /* typing.png in Resources */,
				5233AB741AA82CB200B70E19 /* typing@2x.png in Resources */,
				5233AB671AA82CB200B70E19 /* bubble_min.png in Resources */,
				52F0D8EF1A9F31A8000A5427 /* RoomViewController.xib in Resources */,
				5233AB761AA82CB200B70E19 /* message_sent.aiff in Resources */,
				5233ABA51AA82CEB00B70E19 /* TEMFilePickerController.xib in Resources */,
			);
			runOnlyForDeploymentPostprocessing = 0;
		};
/* End PBXResourcesBuildPhase section */

/* Begin PBXShellScriptBuildPhase section */
		1063429A2F2E53627D527A54 /* Copy Pods Resources */ = {
			isa = PBXShellScriptBuildPhase;
			buildActionMask = 2147483647;
			files = (
			);
			inputPaths = (
			);
			name = "Copy Pods Resources";
			outputPaths = (
			);
			runOnlyForDeploymentPostprocessing = 0;
			shellPath = /bin/sh;
			shellScript = "\"${SRCROOT}/Pods/Target Support Files/Pods-SampleAppSwift/Pods-SampleAppSwift-resources.sh\"\n";
			showEnvVarsInLog = 0;
		};
		8717895243C47353804E7294 /* Check Pods Manifest.lock */ = {
			isa = PBXShellScriptBuildPhase;
			buildActionMask = 2147483647;
			files = (
			);
			inputPaths = (
			);
			name = "Check Pods Manifest.lock";
			outputPaths = (
			);
			runOnlyForDeploymentPostprocessing = 0;
			shellPath = /bin/sh;
			shellScript = "diff \"${PODS_ROOT}/../Podfile.lock\" \"${PODS_ROOT}/Manifest.lock\" > /dev/null\nif [[ $? != 0 ]] ; then\n    cat << EOM\nerror: The sandbox is not in sync with the Podfile.lock. Run 'pod install' or update your CocoaPods installation.\nEOM\n    exit 1\nfi\n";
			showEnvVarsInLog = 0;
		};
/* End PBXShellScriptBuildPhase section */

/* Begin PBXSourcesBuildPhase section */
		52F0D8C31A9F0753000A5427 /* Sources */ = {
			isa = PBXSourcesBuildPhase;
			buildActionMask = 2147483647;
			files = (
				5233AB871AA82CB200B70E19 /* JSQMessagesCollectionView.m in Sources */,
				5233AB8F1AA82CB200B70E19 /* JSQMessagesLabel.m in Sources */,
				5233AB891AA82CB200B70E19 /* JSQMessagesCollectionViewCellIncoming.m in Sources */,
				5233AB7A1AA82CB200B70E19 /* UIImage+JSQMessages.m in Sources */,
				5233ABA31AA82CEB00B70E19 /* JSQDemoViewController.m in Sources */,
				5233AB7C1AA82CB200B70E19 /* JSQMessagesKeyboardController.m in Sources */,
				5233AB861AA82CB200B70E19 /* JSQMessage.m in Sources */,
				5233AB831AA82CB200B70E19 /* JSQMessagesCollectionViewFlowLayout.m in Sources */,
				5233AB901AA82CB200B70E19 /* JSQMessagesLoadEarlierHeaderView.m in Sources */,
				5233AB8D1AA82CB200B70E19 /* JSQMessagesComposerTextView.m in Sources */,
				5233AB811AA82CB200B70E19 /* JSQMessagesTimestampFormatter.m in Sources */,
				5233AB921AA82CB200B70E19 /* JSQMessagesToolbarContentView.m in Sources */,
				52F0D8EE1A9F31A8000A5427 /* RoomViewController.swift in Sources */,
				5233AB7B1AA82CB200B70E19 /* UIView+JSQMessages.m in Sources */,
				5233AB801AA82CB200B70E19 /* JSQMessagesBubbleImageFactory.m in Sources */,
				5233AB781AA82CB200B70E19 /* NSString+JSQMessages.m in Sources */,
				5233AB851AA82CB200B70E19 /* JSQMessagesCollectionViewLayoutAttributes.m in Sources */,
				5233AB841AA82CB200B70E19 /* JSQMessagesCollectionViewFlowLayoutInvalidationContext.m in Sources */,
				52A6761E1AA410F600C41DEA /* TEMProgressView.m in Sources */,
				5252C1AF1AFC612D0022C313 /* TEMVideoView.swift in Sources */,
				5233AB7D1AA82CB200B70E19 /* JSQMessagesViewController.m in Sources */,
				5233AB881AA82CB200B70E19 /* JSQMessagesCollectionViewCell.m in Sources */,
				5233AB961AA82CB200B70E19 /* JSQSystemSoundPlayer.m in Sources */,
				5233AB771AA82CB200B70E19 /* JSQSystemSoundPlayer+JSQMessages.m in Sources */,
				5233AB821AA82CB200B70E19 /* JSQMessagesToolbarButtonFactory.m in Sources */,
				5233AB8B1AA82CB200B70E19 /* JSQMessagesCollectionViewCellOutgoing.m in Sources */,
				5233AB8E1AA82CB200B70E19 /* JSQMessagesInputToolbar.m in Sources */,
				5233ABA41AA82CEB00B70E19 /* TEMFilePickerController.m in Sources */,
				5233ABA71AA82CEB00B70E19 /* TEMPresenceTableViewController.m in Sources */,
				5252C1B11AFC9A1C0022C313 /* TEMRichVideoView.swift in Sources */,
				5233AB941AA82CB200B70E19 /* JSQMessagesTypingIndicatorFooterView.m in Sources */,
				52F0D8CF1A9F0753000A5427 /* ViewController.swift in Sources */,
				523572531AA96DCD00149BEC /* TEMObjCBridge.m in Sources */,
				5233AB791AA82CB200B70E19 /* UIColor+JSQMessages.m in Sources */,
				52F0D8CD1A9F0753000A5427 /* AppDelegate.swift in Sources */,
				5233AB7F1AA82CB200B70E19 /* JSQMessagesAvatarFactory.m in Sources */,
				5233ABA61AA82CEB00B70E19 /* TEMPresenceNavigationController.m in Sources */,
			);
			runOnlyForDeploymentPostprocessing = 0;
		};
/* End PBXSourcesBuildPhase section */

/* Begin PBXVariantGroup section */
		52F0D8D01A9F0753000A5427 /* Main.storyboard */ = {
			isa = PBXVariantGroup;
			children = (
				52F0D8D11A9F0753000A5427 /* Base */,
			);
			name = Main.storyboard;
			sourceTree = "<group>";
		};
		52F0D8D51A9F0753000A5427 /* LaunchScreen.xib */ = {
			isa = PBXVariantGroup;
			children = (
				52F0D8D61A9F0753000A5427 /* Base */,
			);
			name = LaunchScreen.xib;
			sourceTree = "<group>";
		};
/* End PBXVariantGroup section */

/* Begin XCBuildConfiguration section */
		52F0D8E41A9F0753000A5427 /* Debug */ = {
			isa = XCBuildConfiguration;
			buildSettings = {
				ALWAYS_SEARCH_USER_PATHS = NO;
				CLANG_CXX_LANGUAGE_STANDARD = "gnu++0x";
				CLANG_CXX_LIBRARY = "libc++";
				CLANG_ENABLE_MODULES = YES;
				CLANG_ENABLE_OBJC_ARC = YES;
				CLANG_WARN_BOOL_CONVERSION = YES;
				CLANG_WARN_CONSTANT_CONVERSION = YES;
				CLANG_WARN_DIRECT_OBJC_ISA_USAGE = YES_ERROR;
				CLANG_WARN_EMPTY_BODY = YES;
				CLANG_WARN_ENUM_CONVERSION = YES;
				CLANG_WARN_INT_CONVERSION = YES;
				CLANG_WARN_OBJC_ROOT_CLASS = YES_ERROR;
				CLANG_WARN_UNREACHABLE_CODE = YES;
				CLANG_WARN__DUPLICATE_METHOD_MATCH = YES;
				"CODE_SIGN_IDENTITY[sdk=iphoneos*]" = "iPhone Developer";
				COPY_PHASE_STRIP = NO;
				ENABLE_STRICT_OBJC_MSGSEND = YES;
				GCC_C_LANGUAGE_STANDARD = gnu99;
				GCC_DYNAMIC_NO_PIC = NO;
				GCC_OPTIMIZATION_LEVEL = 0;
				GCC_PREPROCESSOR_DEFINITIONS = (
					"DEBUG=1",
					"$(inherited)",
				);
				GCC_SYMBOLS_PRIVATE_EXTERN = NO;
				GCC_WARN_64_TO_32_BIT_CONVERSION = YES;
				GCC_WARN_ABOUT_RETURN_TYPE = YES_ERROR;
				GCC_WARN_UNDECLARED_SELECTOR = YES;
				GCC_WARN_UNINITIALIZED_AUTOS = YES_AGGRESSIVE;
				GCC_WARN_UNUSED_FUNCTION = YES;
				GCC_WARN_UNUSED_VARIABLE = YES;
				IPHONEOS_DEPLOYMENT_TARGET = 8.1;
				MTL_ENABLE_DEBUG_INFO = YES;
				ONLY_ACTIVE_ARCH = YES;
				SDKROOT = iphoneos;
				SWIFT_OPTIMIZATION_LEVEL = "-Onone";
				TARGETED_DEVICE_FAMILY = "1,2";
			};
			name = Debug;
		};
		52F0D8E51A9F0753000A5427 /* Release */ = {
			isa = XCBuildConfiguration;
			buildSettings = {
				ALWAYS_SEARCH_USER_PATHS = NO;
				CLANG_CXX_LANGUAGE_STANDARD = "gnu++0x";
				CLANG_CXX_LIBRARY = "libc++";
				CLANG_ENABLE_MODULES = YES;
				CLANG_ENABLE_OBJC_ARC = YES;
				CLANG_WARN_BOOL_CONVERSION = YES;
				CLANG_WARN_CONSTANT_CONVERSION = YES;
				CLANG_WARN_DIRECT_OBJC_ISA_USAGE = YES_ERROR;
				CLANG_WARN_EMPTY_BODY = YES;
				CLANG_WARN_ENUM_CONVERSION = YES;
				CLANG_WARN_INT_CONVERSION = YES;
				CLANG_WARN_OBJC_ROOT_CLASS = YES_ERROR;
				CLANG_WARN_UNREACHABLE_CODE = YES;
				CLANG_WARN__DUPLICATE_METHOD_MATCH = YES;
				"CODE_SIGN_IDENTITY[sdk=iphoneos*]" = "iPhone Developer";
				COPY_PHASE_STRIP = YES;
				ENABLE_NS_ASSERTIONS = NO;
				ENABLE_STRICT_OBJC_MSGSEND = YES;
				GCC_C_LANGUAGE_STANDARD = gnu99;
				GCC_WARN_64_TO_32_BIT_CONVERSION = YES;
				GCC_WARN_ABOUT_RETURN_TYPE = YES_ERROR;
				GCC_WARN_UNDECLARED_SELECTOR = YES;
				GCC_WARN_UNINITIALIZED_AUTOS = YES_AGGRESSIVE;
				GCC_WARN_UNUSED_FUNCTION = YES;
				GCC_WARN_UNUSED_VARIABLE = YES;
				IPHONEOS_DEPLOYMENT_TARGET = 8.1;
				MTL_ENABLE_DEBUG_INFO = NO;
				SDKROOT = iphoneos;
				TARGETED_DEVICE_FAMILY = "1,2";
				VALIDATE_PRODUCT = YES;
			};
			name = Release;
		};
		52F0D8E71A9F0753000A5427 /* Debug */ = {
			isa = XCBuildConfiguration;
			baseConfigurationReference = 6ECBC35E08E2E9C00677BAB9 /* Pods-SampleAppSwift.debug.xcconfig */;
			buildSettings = {
				ASSETCATALOG_COMPILER_APPICON_NAME = AppIcon;
				FRAMEWORK_SEARCH_PATHS = (
					"$(inherited)",
					"$(PROJECT_DIR)",
				);
				INFOPLIST_FILE = SampleAppSwift/Info.plist;
				IPHONEOS_DEPLOYMENT_TARGET = 8.0;
				LD_RUNPATH_SEARCH_PATHS = "$(inherited) @executable_path/Frameworks";
				LIBRARY_SEARCH_PATHS = (
					"$(inherited)",
					/Users/macbookpro/Documents/temasys/workspace/SampleApp,
				);
				PRODUCT_NAME = "$(TARGET_NAME)";
				SWIFT_OBJC_BRIDGING_HEADER = "SampleAppSwift/SKYLINK-Bridging-Header.h";
			};
			name = Debug;
		};
		52F0D8E81A9F0753000A5427 /* Release */ = {
			isa = XCBuildConfiguration;
			baseConfigurationReference = A6E97D5392F4B15D2706330B /* Pods-SampleAppSwift.release.xcconfig */;
			buildSettings = {
				ASSETCATALOG_COMPILER_APPICON_NAME = AppIcon;
				FRAMEWORK_SEARCH_PATHS = (
					"$(inherited)",
					"$(PROJECT_DIR)",
				);
				INFOPLIST_FILE = SampleAppSwift/Info.plist;
				IPHONEOS_DEPLOYMENT_TARGET = 8.0;
				LD_RUNPATH_SEARCH_PATHS = "$(inherited) @executable_path/Frameworks";
				LIBRARY_SEARCH_PATHS = (
					"$(inherited)",
					/Users/macbookpro/Documents/temasys/workspace/SampleApp,
				);
				PRODUCT_NAME = "$(TARGET_NAME)";
				SWIFT_OBJC_BRIDGING_HEADER = "SampleAppSwift/SKYLINK-Bridging-Header.h";
			};
			name = Release;
		};
/* End XCBuildConfiguration section */

/* Begin XCConfigurationList section */
		52F0D8C21A9F0753000A5427 /* Build configuration list for PBXProject "SampleAppSwift" */ = {
			isa = XCConfigurationList;
			buildConfigurations = (
				52F0D8E41A9F0753000A5427 /* Debug */,
				52F0D8E51A9F0753000A5427 /* Release */,
			);
			defaultConfigurationIsVisible = 0;
			defaultConfigurationName = Release;
		};
		52F0D8E61A9F0753000A5427 /* Build configuration list for PBXNativeTarget "SampleAppSwift" */ = {
			isa = XCConfigurationList;
			buildConfigurations = (
				52F0D8E71A9F0753000A5427 /* Debug */,
				52F0D8E81A9F0753000A5427 /* Release */,
			);
			defaultConfigurationIsVisible = 0;
			defaultConfigurationName = Release;
		};
/* End XCConfigurationList section */
	};
	rootObject = 52F0D8BF1A9F0753000A5427 /* Project object */;
}
