PODS:
  - JSQMessagesViewController (5.3.2):
    - JSQSystemSoundPlayer (= 1.5.2)
  - JSQSystemSoundPlayer (1.5.2)
  - SKYLINK (1.0.5):
    - SocketRocket (~> 0.3.1-beta2)
    - tema-ios-ntp (~> 1.0.0)
  - SocketRocket (0.3.1-beta2)
  - tema-ios-ntp (1.0.0)

DEPENDENCIES:
  - JSQMessagesViewController (from `https://github.com/jessesquires/JSQMessagesViewController`,
    branch `version_5.3.2_patch`)
  - SKYLINK

EXTERNAL SOURCES:
  JSQMessagesViewController:
    :branch: version_5.3.2_patch
    :git: https://github.com/jessesquires/JSQMessagesViewController

CHECKOUT OPTIONS:
  JSQMessagesViewController:
    :commit: 78b1797bc0ae273cf7a104853c8293acfaed174b
    :git: https://github.com/jessesquires/JSQMessagesViewController

SPEC CHECKSUMS:
  JSQMessagesViewController: 6eedd009d4eabb6089ab7578130545899bea6c0f
  JSQSystemSoundPlayer: 443466bd5f4537d0b7f15a0184244169ae65f8e5
  SKYLINK: 60b197cdb73a88c8a97a91ccc32d2f891c4b3d8b
  SocketRocket: 7284ab9370a06c99aba92b2fe3a32aedd0f9a6fa
  tema-ios-ntp: a6f001396b5944bff739f409dc422966e5b08408

COCOAPODS: 0.37.2
